// !$*UTF8*$!
{
	archiveVersion = 1;
	classes = {
	};
	objectVersion = 50;
	objects = {

/* Begin PBXBuildFile section */
		71D3358D231427F300264D83 /* AppDelegate.swift in Sources */ = {isa = PBXBuildFile; fileRef = 71D3358C231427F300264D83 /* AppDelegate.swift */; };
		71D33594231427F300264D83 /* Assets.xcassets in Resources */ = {isa = PBXBuildFile; fileRef = 71D33593231427F300264D83 /* Assets.xcassets */; };
		71D33597231427F300264D83 /* LaunchScreen.storyboard in Resources */ = {isa = PBXBuildFile; fileRef = 71D33595231427F300264D83 /* LaunchScreen.storyboard */; };
		71D335A02314287C00264D83 /* Challenge.swift in Sources */ = {isa = PBXBuildFile; fileRef = 71D3359F2314287C00264D83 /* Challenge.swift */; };
		71D335A22314288B00264D83 /* Solution.swift in Sources */ = {isa = PBXBuildFile; fileRef = 71D335A12314288B00264D83 /* Solution.swift */; };
		71D335AA231428BF00264D83 /* Factories.swift in Sources */ = {isa = PBXBuildFile; fileRef = 71D335A9231428BF00264D83 /* Factories.swift */; };
/* End PBXBuildFile section */

/* Begin PBXFileReference section */
		71D33589231427F300264D83 /* BasicAnchors.app */ = {isa = PBXFileReference; explicitFileType = wrapper.application; includeInIndex = 0; path = BasicAnchors.app; sourceTree = BUILT_PRODUCTS_DIR; };
		71D3358C231427F300264D83 /* AppDelegate.swift */ = {isa = PBXFileReference; lastKnownFileType = sourcecode.swift; path = AppDelegate.swift; sourceTree = "<group>"; };
		71D33593231427F300264D83 /* Assets.xcassets */ = {isa = PBXFileReference; lastKnownFileType = folder.assetcatalog; path = Assets.xcassets; sourceTree = "<group>"; };
		71D33596231427F300264D83 /* Base */ = {isa = PBXFileReference; lastKnownFileType = file.storyboard; name = Base; path = Base.lproj/LaunchScreen.storyboard; sourceTree = "<group>"; };
		71D33598231427F300264D83 /* Info.plist */ = {isa = PBXFileReference; lastKnownFileType = text.plist.xml; path = Info.plist; sourceTree = "<group>"; };
		71D3359F2314287C00264D83 /* Challenge.swift */ = {isa = PBXFileReference; lastKnownFileType = sourcecode.swift; path = Challenge.swift; sourceTree = "<group>"; };
		71D335A12314288B00264D83 /* Solution.swift */ = {isa = PBXFileReference; lastKnownFileType = sourcecode.swift; path = Solution.swift; sourceTree = "<group>"; };
		71D335A9231428BF00264D83 /* Factories.swift */ = {isa = PBXFileReference; lastKnownFileType = sourcecode.swift; path = Factories.swift; sourceTree = "<group>"; };
/* End PBXFileReference section */

/* Begin PBXFrameworksBuildPhase section */
		71D33586231427F300264D83 /* Frameworks */ = {
			isa = PBXFrameworksBuildPhase;
			buildActionMask = 2147483647;
			files = (
			);
			runOnlyForDeploymentPostprocessing = 0;
		};
/* End PBXFrameworksBuildPhase section */

/* Begin PBXGroup section */
		71D33580231427F300264D83 = {
			isa = PBXGroup;
			children = (
				71D3358B231427F300264D83 /* BasicAnchors */,
				71D3358A231427F300264D83 /* Products */,
			);
			sourceTree = "<group>";
		};
		71D3358A231427F300264D83 /* Products */ = {
			isa = PBXGroup;
			children = (
				71D33589231427F300264D83 /* BasicAnchors.app */,
			);
			name = Products;
			sourceTree = "<group>";
		};
		71D3358B231427F300264D83 /* BasicAnchors */ = {
			isa = PBXGroup;
			children = (
				71D3359E231427FF00264D83 /* Files */,
				71D3358C231427F300264D83 /* AppDelegate.swift */,
				71D3359F2314287C00264D83 /* Challenge.swift */,
				71D335A12314288B00264D83 /* Solution.swift */,
				71D335A9231428BF00264D83 /* Factories.swift */,
			);
			path = BasicAnchors;
			sourceTree = "<group>";
		};
		71D3359E231427FF00264D83 /* Files */ = {
			isa = PBXGroup;
			children = (
				71D33598231427F300264D83 /* Info.plist */,
				71D33595231427F300264D83 /* LaunchScreen.storyboard */,
				71D33593231427F300264D83 /* Assets.xcassets */,
			);
			name = Files;
			sourceTree = "<group>";
		};
/* End PBXGroup section */

/* Begin PBXNativeTarget section */
		71D33588231427F300264D83 /* BasicAnchors */ = {
			isa = PBXNativeTarget;
			buildConfigurationList = 71D3359B231427F300264D83 /* Build configuration list for PBXNativeTarget "BasicAnchors" */;
			buildPhases = (
				71D33585231427F300264D83 /* Sources */,
				71D33586231427F300264D83 /* Frameworks */,
				71D33587231427F300264D83 /* Resources */,
			);
			buildRules = (
			);
			dependencies = (
			);
			name = BasicAnchors;
			productName = BasicAnchors;
			productReference = 71D33589231427F300264D83 /* BasicAnchors.app */;
			productType = "com.apple.product-type.application";
		};
/* End PBXNativeTarget section */

/* Begin PBXProject section */
		71D33581231427F300264D83 /* Project object */ = {
			isa = PBXProject;
			attributes = {
				LastSwiftUpdateCheck = 1020;
				LastUpgradeCheck = 1320;
				ORGANIZATIONNAME = "Jonathan Rasmusson";
				TargetAttributes = {
					71D33588231427F300264D83 = {
						CreatedOnToolsVersion = 10.2;
					};
				};
			};
			buildConfigurationList = 71D33584231427F300264D83 /* Build configuration list for PBXProject "BasicAnchors" */;
			compatibilityVersion = "Xcode 9.3";
			developmentRegion = en;
			hasScannedForEncodings = 0;
			knownRegions = (
				en,
				Base,
			);
			mainGroup = 71D33580231427F300264D83;
			productRefGroup = 71D3358A231427F300264D83 /* Products */;
			projectDirPath = "";
			projectRoot = "";
			targets = (
				71D33588231427F300264D83 /* BasicAnchors */,
			);
		};
/* End PBXProject section */

/* Begin PBXResourcesBuildPhase section */
		71D33587231427F300264D83 /* Resources */ = {
			isa = PBXResourcesBuildPhase;
			buildActionMask = 2147483647;
			files = (
				71D33597231427F300264D83 /* LaunchScreen.storyboard in Resources */,
				71D33594231427F300264D83 /* Assets.xcassets in Resources */,
			);
			runOnlyForDeploymentPostprocessing = 0;
		};
/* End PBXResourcesBuildPhase section */

/* Begin PBXSourcesBuildPhase section */
		71D33585231427F300264D83 /* Sources */ = {
			isa = PBXSourcesBuildPhase;
			buildActionMask = 2147483647;
			files = (
				71D335AA231428BF00264D83 /* Factories.swift in Sources */,
				71D3358D231427F300264D83 /* AppDelegate.swift in Sources */,
				71D335A02314287C00264D83 /* Challenge.swift in Sources */,
				71D335A22314288B00264D83 /* Solution.swift in Sources */,
			);
			runOnlyForDeploymentPostprocessing = 0;
		};
/* End PBXSourcesBuildPhase section */

/* Begin PBXVariantGroup section */
		71D33595231427F300264D83 /* LaunchScreen.storyboard */ = {
			isa = PBXVariantGroup;
			children = (
				71D33596231427F300264D83 /* Base */,
			);
			name = LaunchScreen.storyboard;
			sourceTree = "<group>";
		};
/* End PBXVariantGroup section */

/* Begin XCBuildConfiguration section */
		71D33599231427F300264D83 /* Debug */ = {
			isa = XCBuildConfiguration;
			buildSettings = {
				ALWAYS_SEARCH_USER_PATHS = NO;
				CLANG_ANALYZER_NONNULL = YES;
				CLANG_ANALYZER_NUMBER_OBJECT_CONVERSION = YES_AGGRESSIVE;
				CLANG_CXX_LANGUAGE_STANDARD = "gnu++14";
				CLANG_CXX_LIBRARY = "libc++";
				CLANG_ENABLE_MODULES = YES;
				CLANG_ENABLE_OBJC_ARC = YES;
				CLANG_ENABLE_OBJC_WEAK = YES;
				CLANG_WARN_BLOCK_CAPTURE_AUTORELEASING = YES;
				CLANG_WARN_BOOL_CONVERSION = YES;
				CLANG_WARN_COMMA = YES;
				CLANG_WARN_CONSTANT_CONVERSION = YES;
				CLANG_WARN_DEPRECATED_OBJC_IMPLEMENTATIONS = YES;
				CLANG_WARN_DIRECT_OBJC_ISA_USAGE = YES_ERROR;
				CLANG_WARN_DOCUMENTATION_COMMENTS = YES;
				CLANG_WARN_EMPTY_BODY = YES;
				CLANG_WARN_ENUM_CONVERSION = YES;
				CLANG_WARN_INFINITE_RECURSION = YES;
				CLANG_WARN_INT_CONVERSION = YES;
				CLANG_WARN_NON_LITERAL_NULL_CONVERSION = YES;
				CLANG_WARN_OBJC_IMPLICIT_RETAIN_SELF = YES;
				CLANG_WARN_OBJC_LITERAL_CONVERSION = YES;
				CLANG_WARN_OBJC_ROOT_CLASS = YES_ERROR;
				CLANG_WARN_QUOTED_INCLUDE_IN_FRAMEWORK_HEADER = YES;
				CLANG_WARN_RANGE_LOOP_ANALYSIS = YES;
				CLANG_WARN_STRICT_PROTOTYPES = YES;
				CLANG_WARN_SUSPICIOUS_MOVE = YES;
				CLANG_WARN_UNGUARDED_AVAILABILITY = YES_AGGRESSIVE;
				CLANG_WARN_UNREACHABLE_CODE = YES;
				CLANG_WARN__DUPLICATE_METHOD_MATCH = YES;
				CODE_SIGN_IDENTITY = "iPhone Developer";
				COPY_PHASE_STRIP = NO;
				DEBUG_INFORMATION_FORMAT = dwarf;
				ENABLE_STRICT_OBJC_MSGSEND = YES;
				ENABLE_TESTABILITY = YES;
				GCC_C_LANGUAGE_STANDARD = gnu11;
				GCC_DYNAMIC_NO_PIC = NO;
				GCC_NO_COMMON_BLOCKS = YES;
				GCC_OPTIMIZATION_LEVEL = 0;
				GCC_PREPROCESSOR_DEFINITIONS = (
					"DEBUG=1",
					"$(inherited)",
				);
				GCC_WARN_64_TO_32_BIT_CONVERSION = YES;
				GCC_WARN_ABOUT_RETURN_TYPE = YES_ERROR;
				GCC_WARN_UNDECLARED_SELECTOR = YES;
				GCC_WARN_UNINITIALIZED_AUTOS = YES_AGGRESSIVE;
				GCC_WARN_UNUSED_FUNCTION = YES;
				GCC_WARN_UNUSED_VARIABLE = YES;
				IPHONEOS_DEPLOYMENT_TARGET = 15.0;
				MTL_ENABLE_DEBUG_INFO = INCLUDE_SOURCE;
				MTL_FAST_MATH = YES;
				ONLY_ACTIVE_ARCH = YES;
				SDKROOT = iphoneos;
				SWIFT_ACTIVE_COMPILATION_CONDITIONS = DEBUG;
				SWIFT_OPTIMIZATION_LEVEL = "-Onone";
			};
			name = Debug;
		};
		71D3359A231427F300264D83 /* Release */ = {
			isa = XCBuildConfiguration;
			buildSettings = {
				ALWAYS_SEARCH_USER_PATHS = NO;
				CLANG_ANALYZER_NONNULL = YES;
				CLANG_ANALYZER_NUMBER_OBJECT_CONVERSION = YES_AGGRESSIVE;
				CLANG_CXX_LANGUAGE_STANDARD = "gnu++14";
				CLANG_CXX_LIBRARY = "libc++";
				CLANG_ENABLE_MODULES = YES;
				CLANG_ENABLE_OBJC_ARC = YES;
				CLANG_ENABLE_OBJC_WEAK = YES;
				CLANG_WARN_BLOCK_CAPTURE_AUTORELEASING = YES;
				CLANG_WARN_BOOL_CONVERSION = YES;
				CLANG_WARN_COMMA = YES;
				CLANG_WARN_CONSTANT_CONVERSION = YES;
				CLANG_WARN_DEPRECATED_OBJC_IMPLEMENTATIONS = YES;
				CLANG_WARN_DIRECT_OBJC_ISA_USAGE = YES_ERROR;
				CLANG_WARN_DOCUMENTATION_COMMENTS = YES;
				CLANG_WARN_EMPTY_BODY = YES;
				CLANG_WARN_ENUM_CONVERSION = YES;
				CLANG_WARN_INFINITE_RECURSION = YES;
				CLANG_WARN_INT_CONVERSION = YES;
				CLANG_WARN_NON_LITERAL_NULL_CONVERSION = YES;
				CLANG_WARN_OBJC_IMPLICIT_RETAIN_SELF = YES;
				CLANG_WARN_OBJC_LITERAL_CONVERSION = YES;
				CLANG_WARN_OBJC_ROOT_CLASS = YES_ERROR;
				CLANG_WARN_QUOTED_INCLUDE_IN_FRAMEWORK_HEADER = YES;
				CLANG_WARN_RANGE_LOOP_ANALYSIS = YES;
				CLANG_WARN_STRICT_PROTOTYPES = YES;
				CLANG_WARN_SUSPICIOUS_MOVE = YES;
				CLANG_WARN_UNGUARDED_AVAILABILITY = YES_AGGRESSIVE;
				CLANG_WARN_UNREACHABLE_CODE = YES;
				CLANG_WARN__DUPLICATE_METHOD_MATCH = YES;
				CODE_SIGN_IDENTITY = "iPhone Developer";
				COPY_PHASE_STRIP = NO;
				DEBUG_INFORMATION_FORMAT = "dwarf-with-dsym";
				ENABLE_NS_ASSERTIONS = NO;
				ENABLE_STRICT_OBJC_MSGSEND = YES;
				GCC_C_LANGUAGE_STANDARD = gnu11;
				GCC_NO_COMMON_BLOCKS = YES;
				GCC_WARN_64_TO_32_BIT_CONVERSION = YES;
				GCC_WARN_ABOUT_RETURN_TYPE = YES_ERROR;
				GCC_WARN_UNDECLARED_SELECTOR = YES;
				GCC_WARN_UNINITIALIZED_AUTOS = YES_AGGRESSIVE;
				GCC_WARN_UNUSED_FUNCTION = YES;
				GCC_WARN_UNUSED_VARIABLE = YES;
				IPHONEOS_DEPLOYMENT_TARGET = 15.0;
				MTL_ENABLE_DEBUG_INFO = NO;
				MTL_FAST_MATH = YES;
				SDKROOT = iphoneos;
				SWIFT_COMPILATION_MODE = wholemodule;
				SWIFT_OPTIMIZATION_LEVEL = "-O";
				VALIDATE_PRODUCT = YES;
			};
			name = Release;
		};
		71D3359C231427F300264D83 /* Debug */ = {
			isa = XCBuildConfiguration;
			buildSettings = {
				ASSETCATALOG_COMPILER_APPICON_NAME = AppIcon;
				CODE_SIGN_STYLE = Automatic;
				INFOPLIST_FILE = BasicAnchors/Info.plist;
				LD_RUNPATH_SEARCH_PATHS = (
					"$(inherited)",
					"@executable_path/Frameworks",
				);
				PRODUCT_BUNDLE_IDENTIFIER = com.rsc.BasicAnchors;
				PRODUCT_NAME = "$(TARGET_NAME)";
				SWIFT_VERSION = 5.0;
				TARGETED_DEVICE_FAMILY = "1,2";
			};
			name = Debug;
		};
		71D3359D231427F300264D83 /* Release */ = {
			isa = XCBuildConfiguration;
			buildSettings = {
				ASSETCATALOG_COMPILER_APPICON_NAME = AppIcon;
				CODE_SIGN_STYLE = Automatic;
				INFOPLIST_FILE = BasicAnchors/Info.plist;
				LD_RUNPATH_SEARCH_PATHS = (
					"$(inherited)",
					"@executable_path/Frameworks",
				);
				PRODUCT_BUNDLE_IDENTIFIER = com.rsc.BasicAnchors;
				PRODUCT_NAME = "$(TARGET_NAME)";
				SWIFT_VERSION = 5.0;
				TARGETED_DEVICE_FAMILY = "1,2";
			};
			name = Release;
		};
/* End XCBuildConfiguration section */

/* Begin XCConfigurationList section */
		71D33584231427F300264D83 /* Build configuration list for PBXProject "BasicAnchors" */ = {
			isa = XCConfigurationList;
			buildConfigurations = (
				71D33599231427F300264D83 /* Debug */,
				71D3359A231427F300264D83 /* Release */,
			);
			defaultConfigurationIsVisible = 0;
			defaultConfigurationName = Release;
		};
		71D3359B231427F300264D83 /* Build configuration list for PBXNativeTarget "BasicAnchors" */ = {
			isa = XCConfigurationList;
			buildConfigurations = (
				71D3359C231427F300264D83 /* Debug */,
				71D3359D231427F300264D83 /* Release */,
			);
			defaultConfigurationIsVisible = 0;
			defaultConfigurationName = Release;
		};
/* End XCConfigurationList section */
	};
	rootObject = 71D33581231427F300264D83 /* Project object */;
}
