// !$*UTF8*$!
{
	archiveVersion = 1;
	classes = {
	};
	objectVersion = 50;
	objects = {

/* Begin PBXBuildFile section */
		710EB6BB2302EF6A00404F03 /* OrientationView.swift in Sources */ = {isa = PBXBuildFile; fileRef = 710EB6BA2302EF6A00404F03 /* OrientationView.swift */; };
		710EB6BE2302FECE00404F03 /* RedView.swift in Sources */ = {isa = PBXBuildFile; fileRef = 710EB6BD2302FECE00404F03 /* RedView.swift */; };
		710EB6C02302FF1E00404F03 /* BlueView.swift in Sources */ = {isa = PBXBuildFile; fileRef = 710EB6BF2302FF1E00404F03 /* BlueView.swift */; };
		712F3A8D22FDC28700345A0C /* ScrollableView.swift in Sources */ = {isa = PBXBuildFile; fileRef = 712F3A8C22FDC28700345A0C /* ScrollableView.swift */; };
		712F3A9022FDD8E300345A0C /* PaddingView.swift in Sources */ = {isa = PBXBuildFile; fileRef = 712F3A8F22FDD8E300345A0C /* PaddingView.swift */; };
		712F3A9322FDD99800345A0C /* StackSpacerView.swift in Sources */ = {isa = PBXBuildFile; fileRef = 712F3A9222FDD99800345A0C /* StackSpacerView.swift */; };
		712F3A9522FDF59800345A0C /* LabViewController.swift in Sources */ = {isa = PBXBuildFile; fileRef = 712F3A9422FDF59800345A0C /* LabViewController.swift */; };
		712F3A9822FDFD8E00345A0C /* Fill.swift in Sources */ = {isa = PBXBuildFile; fileRef = 712F3A9722FDFD8E00345A0C /* Fill.swift */; };
		712F3A9A22FE00FD00345A0C /* FillEqually.swift in Sources */ = {isa = PBXBuildFile; fileRef = 712F3A9922FE00FD00345A0C /* FillEqually.swift */; };
		712F3A9C22FE012400345A0C /* EqualSpacing.swift in Sources */ = {isa = PBXBuildFile; fileRef = 712F3A9B22FE012400345A0C /* EqualSpacing.swift */; };
		712F3A9E22FE01E000345A0C /* EqualCentering.swift in Sources */ = {isa = PBXBuildFile; fileRef = 712F3A9D22FE01E000345A0C /* EqualCentering.swift */; };
		712F3AA222FE030300345A0C /* CHCRFill.swift in Sources */ = {isa = PBXBuildFile; fileRef = 712F3AA122FE030300345A0C /* CHCRFill.swift */; };
		7131724822F9BF4700575BBF /* AppDelegate.swift in Sources */ = {isa = PBXBuildFile; fileRef = 7131724722F9BF4700575BBF /* AppDelegate.swift */; };
		7131724F22F9BF4800575BBF /* Assets.xcassets in Resources */ = {isa = PBXBuildFile; fileRef = 7131724E22F9BF4800575BBF /* Assets.xcassets */; };
		7131725222F9BF4800575BBF /* LaunchScreen.storyboard in Resources */ = {isa = PBXBuildFile; fileRef = 7131725022F9BF4800575BBF /* LaunchScreen.storyboard */; };
		7131725E22F9C08200575BBF /* BasicAnchors.swift in Sources */ = {isa = PBXBuildFile; fileRef = 7131725D22F9C08200575BBF /* BasicAnchors.swift */; };
		7131726022F9C09000575BBF /* SafeAreaGuide.swift in Sources */ = {isa = PBXBuildFile; fileRef = 7131725F22F9C09000575BBF /* SafeAreaGuide.swift */; };
		7131726222F9C09D00575BBF /* LayoutMargins.swift in Sources */ = {isa = PBXBuildFile; fileRef = 7131726122F9C09D00575BBF /* LayoutMargins.swift */; };
		7131726622F9C0B500575BBF /* SpacerViews.swift in Sources */ = {isa = PBXBuildFile; fileRef = 7131726522F9C0B500575BBF /* SpacerViews.swift */; };
		7131726822F9C0C600575BBF /* ReadableContentGuides.swift in Sources */ = {isa = PBXBuildFile; fileRef = 7131726722F9C0C600575BBF /* ReadableContentGuides.swift */; };
		7131726A22F9C1E400575BBF /* Factories.swift in Sources */ = {isa = PBXBuildFile; fileRef = 7131726922F9C1E400575BBF /* Factories.swift */; };
		7131726D22F9C44900575BBF /* OverrideLabel.swift in Sources */ = {isa = PBXBuildFile; fileRef = 7131726C22F9C44900575BBF /* OverrideLabel.swift */; };
		7131726F22F9C45900575BBF /* CHCRForm.swift in Sources */ = {isa = PBXBuildFile; fileRef = 7131726E22F9C45900575BBF /* CHCRForm.swift */; };
		7131727122F9C46400575BBF /* CHCRImage.swift in Sources */ = {isa = PBXBuildFile; fileRef = 7131727022F9C46400575BBF /* CHCRImage.swift */; };
		7135C251230ED67600F34786 /* Constants.swift in Sources */ = {isa = PBXBuildFile; fileRef = 7135C250230ED67600F34786 /* Constants.swift */; };
		7135C253230EDA3900F34786 /* Constraints.swift in Sources */ = {isa = PBXBuildFile; fileRef = 7135C252230EDA3900F34786 /* Constraints.swift */; };
		7135C255230EDBED00F34786 /* Visibility.swift in Sources */ = {isa = PBXBuildFile; fileRef = 7135C254230EDBED00F34786 /* Visibility.swift */; };
		7185E0A022FB148100DFC3DE /* CustomView.swift in Sources */ = {isa = PBXBuildFile; fileRef = 7185E09F22FB148100DFC3DE /* CustomView.swift */; };
		7185E0A322FB154200DFC3DE /* RowView.swift in Sources */ = {isa = PBXBuildFile; fileRef = 7185E0A222FB154200DFC3DE /* RowView.swift */; };
		71B6D5C8230C2E0300F54F57 /* AdjustConstraintsView.swift in Sources */ = {isa = PBXBuildFile; fileRef = 71B6D5C7230C2E0300F54F57 /* AdjustConstraintsView.swift */; };
		71B6D5CD230C2F2900F54F57 /* AdjustConstraintsBlueView.swift in Sources */ = {isa = PBXBuildFile; fileRef = 71B6D5CC230C2F2900F54F57 /* AdjustConstraintsBlueView.swift */; };
		71B6D5D0230C3A5400F54F57 /* AdjustSpacersView.swift in Sources */ = {isa = PBXBuildFile; fileRef = 71B6D5CF230C3A5400F54F57 /* AdjustSpacersView.swift */; };
		71B6D5D2230C3B1100F54F57 /* AdjustSpacersBlueView.swift in Sources */ = {isa = PBXBuildFile; fileRef = 71B6D5D1230C3B1100F54F57 /* AdjustSpacersBlueView.swift */; };
		71D6E01122F9C6BF00400984 /* SimpleStackView.swift in Sources */ = {isa = PBXBuildFile; fileRef = 71D6E01022F9C6BF00400984 /* SimpleStackView.swift */; };
/* End PBXBuildFile section */

/* Begin PBXFileReference section */
		710EB6BA2302EF6A00404F03 /* OrientationView.swift */ = {isa = PBXFileReference; lastKnownFileType = sourcecode.swift; path = OrientationView.swift; sourceTree = "<group>"; };
		710EB6BD2302FECE00404F03 /* RedView.swift */ = {isa = PBXFileReference; lastKnownFileType = sourcecode.swift; path = RedView.swift; sourceTree = "<group>"; };
		710EB6BF2302FF1E00404F03 /* BlueView.swift */ = {isa = PBXFileReference; lastKnownFileType = sourcecode.swift; path = BlueView.swift; sourceTree = "<group>"; };
		712F3A8C22FDC28700345A0C /* ScrollableView.swift */ = {isa = PBXFileReference; lastKnownFileType = sourcecode.swift; path = ScrollableView.swift; sourceTree = "<group>"; };
		712F3A8F22FDD8E300345A0C /* PaddingView.swift */ = {isa = PBXFileReference; lastKnownFileType = sourcecode.swift; path = PaddingView.swift; sourceTree = "<group>"; };
		712F3A9222FDD99800345A0C /* StackSpacerView.swift */ = {isa = PBXFileReference; lastKnownFileType = sourcecode.swift; path = StackSpacerView.swift; sourceTree = "<group>"; };
		712F3A9422FDF59800345A0C /* LabViewController.swift */ = {isa = PBXFileReference; lastKnownFileType = sourcecode.swift; path = LabViewController.swift; sourceTree = "<group>"; };
		712F3A9722FDFD8E00345A0C /* Fill.swift */ = {isa = PBXFileReference; lastKnownFileType = sourcecode.swift; path = Fill.swift; sourceTree = "<group>"; };
		712F3A9922FE00FD00345A0C /* FillEqually.swift */ = {isa = PBXFileReference; lastKnownFileType = sourcecode.swift; path = FillEqually.swift; sourceTree = "<group>"; };
		712F3A9B22FE012400345A0C /* EqualSpacing.swift */ = {isa = PBXFileReference; lastKnownFileType = sourcecode.swift; path = EqualSpacing.swift; sourceTree = "<group>"; };
		712F3A9D22FE01E000345A0C /* EqualCentering.swift */ = {isa = PBXFileReference; lastKnownFileType = sourcecode.swift; path = EqualCentering.swift; sourceTree = "<group>"; };
		712F3AA122FE030300345A0C /* CHCRFill.swift */ = {isa = PBXFileReference; lastKnownFileType = sourcecode.swift; path = CHCRFill.swift; sourceTree = "<group>"; };
		7131724422F9BF4700575BBF /* 1-Examples.app */ = {isa = PBXFileReference; explicitFileType = wrapper.application; includeInIndex = 0; path = "1-Examples.app"; sourceTree = BUILT_PRODUCTS_DIR; };
		7131724722F9BF4700575BBF /* AppDelegate.swift */ = {isa = PBXFileReference; lastKnownFileType = sourcecode.swift; path = AppDelegate.swift; sourceTree = "<group>"; };
		7131724E22F9BF4800575BBF /* Assets.xcassets */ = {isa = PBXFileReference; lastKnownFileType = folder.assetcatalog; path = Assets.xcassets; sourceTree = "<group>"; };
		7131725122F9BF4800575BBF /* Base */ = {isa = PBXFileReference; lastKnownFileType = file.storyboard; name = Base; path = Base.lproj/LaunchScreen.storyboard; sourceTree = "<group>"; };
		7131725322F9BF4800575BBF /* Info.plist */ = {isa = PBXFileReference; lastKnownFileType = text.plist.xml; path = Info.plist; sourceTree = "<group>"; };
		7131725D22F9C08200575BBF /* BasicAnchors.swift */ = {isa = PBXFileReference; lastKnownFileType = sourcecode.swift; path = BasicAnchors.swift; sourceTree = "<group>"; };
		7131725F22F9C09000575BBF /* SafeAreaGuide.swift */ = {isa = PBXFileReference; lastKnownFileType = sourcecode.swift; path = SafeAreaGuide.swift; sourceTree = "<group>"; };
		7131726122F9C09D00575BBF /* LayoutMargins.swift */ = {isa = PBXFileReference; lastKnownFileType = sourcecode.swift; path = LayoutMargins.swift; sourceTree = "<group>"; };
		7131726522F9C0B500575BBF /* SpacerViews.swift */ = {isa = PBXFileReference; lastKnownFileType = sourcecode.swift; path = SpacerViews.swift; sourceTree = "<group>"; };
		7131726722F9C0C600575BBF /* ReadableContentGuides.swift */ = {isa = PBXFileReference; lastKnownFileType = sourcecode.swift; path = ReadableContentGuides.swift; sourceTree = "<group>"; };
		7131726922F9C1E400575BBF /* Factories.swift */ = {isa = PBXFileReference; lastKnownFileType = sourcecode.swift; path = Factories.swift; sourceTree = "<group>"; };
		7131726C22F9C44900575BBF /* OverrideLabel.swift */ = {isa = PBXFileReference; lastKnownFileType = sourcecode.swift; path = OverrideLabel.swift; sourceTree = "<group>"; };
		7131726E22F9C45900575BBF /* CHCRForm.swift */ = {isa = PBXFileReference; lastKnownFileType = sourcecode.swift; path = CHCRForm.swift; sourceTree = "<group>"; };
		7131727022F9C46400575BBF /* CHCRImage.swift */ = {isa = PBXFileReference; lastKnownFileType = sourcecode.swift; path = CHCRImage.swift; sourceTree = "<group>"; };
		7135C250230ED67600F34786 /* Constants.swift */ = {isa = PBXFileReference; lastKnownFileType = sourcecode.swift; path = Constants.swift; sourceTree = "<group>"; };
		7135C252230EDA3900F34786 /* Constraints.swift */ = {isa = PBXFileReference; lastKnownFileType = sourcecode.swift; path = Constraints.swift; sourceTree = "<group>"; };
		7135C254230EDBED00F34786 /* Visibility.swift */ = {isa = PBXFileReference; lastKnownFileType = sourcecode.swift; path = Visibility.swift; sourceTree = "<group>"; };
		7185E09F22FB148100DFC3DE /* CustomView.swift */ = {isa = PBXFileReference; lastKnownFileType = sourcecode.swift; path = CustomView.swift; sourceTree = "<group>"; };
		7185E0A222FB154200DFC3DE /* RowView.swift */ = {isa = PBXFileReference; lastKnownFileType = sourcecode.swift; path = RowView.swift; sourceTree = "<group>"; };
		71B6D5C7230C2E0300F54F57 /* AdjustConstraintsView.swift */ = {isa = PBXFileReference; lastKnownFileType = sourcecode.swift; path = AdjustConstraintsView.swift; sourceTree = "<group>"; };
		71B6D5CC230C2F2900F54F57 /* AdjustConstraintsBlueView.swift */ = {isa = PBXFileReference; lastKnownFileType = sourcecode.swift; path = AdjustConstraintsBlueView.swift; sourceTree = "<group>"; };
		71B6D5CF230C3A5400F54F57 /* AdjustSpacersView.swift */ = {isa = PBXFileReference; lastKnownFileType = sourcecode.swift; path = AdjustSpacersView.swift; sourceTree = "<group>"; };
		71B6D5D1230C3B1100F54F57 /* AdjustSpacersBlueView.swift */ = {isa = PBXFileReference; lastKnownFileType = sourcecode.swift; path = AdjustSpacersBlueView.swift; sourceTree = "<group>"; };
		71D6E01022F9C6BF00400984 /* SimpleStackView.swift */ = {isa = PBXFileReference; lastKnownFileType = sourcecode.swift; path = SimpleStackView.swift; sourceTree = "<group>"; };
/* End PBXFileReference section */

/* Begin PBXFrameworksBuildPhase section */
		7131724122F9BF4700575BBF /* Frameworks */ = {
			isa = PBXFrameworksBuildPhase;
			buildActionMask = 2147483647;
			files = (
			);
			runOnlyForDeploymentPostprocessing = 0;
		};
/* End PBXFrameworksBuildPhase section */

/* Begin PBXGroup section */
		710EB6BC2302FE9D00404F03 /* Orientations */ = {
			isa = PBXGroup;
			children = (
				710EB6BA2302EF6A00404F03 /* OrientationView.swift */,
				710EB6BD2302FECE00404F03 /* RedView.swift */,
				710EB6BF2302FF1E00404F03 /* BlueView.swift */,
				71B6D5C9230C2ED300F54F57 /* AdjustConstraints */,
				71B6D5CE230C3A3500F54F57 /* AdjustSpacers */,
			);
			name = Orientations;
			sourceTree = "<group>";
		};
		712F3A9622FDFD7700345A0C /* Distributions */ = {
			isa = PBXGroup;
			children = (
				712F3A9722FDFD8E00345A0C /* Fill.swift */,
				712F3A9922FE00FD00345A0C /* FillEqually.swift */,
				712F3A9B22FE012400345A0C /* EqualSpacing.swift */,
				712F3A9D22FE01E000345A0C /* EqualCentering.swift */,
				712F3AA122FE030300345A0C /* CHCRFill.swift */,
			);
			name = Distributions;
			sourceTree = "<group>";
		};
		7131723B22F9BF4700575BBF = {
			isa = PBXGroup;
			children = (
				7131724622F9BF4700575BBF /* 1-Examples */,
				7131724522F9BF4700575BBF /* Products */,
			);
			sourceTree = "<group>";
		};
		7131724522F9BF4700575BBF /* Products */ = {
			isa = PBXGroup;
			children = (
				7131724422F9BF4700575BBF /* 1-Examples.app */,
			);
			name = Products;
			sourceTree = "<group>";
		};
		7131724622F9BF4700575BBF /* 1-Examples */ = {
			isa = PBXGroup;
			children = (
				7131725922F9BF6C00575BBF /* Files */,
				7131725A22F9BF9300575BBF /* Anchors */,
				7131726B22F9C3FA00575BBF /* IntrinsicContentSize */,
				71D6E00D22F9C63100400984 /* StackViews */,
				710EB6BC2302FE9D00404F03 /* Orientations */,
				7135C24F230ED63A00F34786 /* AdaptingLayouts */,
				7131724722F9BF4700575BBF /* AppDelegate.swift */,
				7131726922F9C1E400575BBF /* Factories.swift */,
				712F3A9422FDF59800345A0C /* LabViewController.swift */,
			);
			path = "1-Examples";
			sourceTree = "<group>";
		};
		7131725922F9BF6C00575BBF /* Files */ = {
			isa = PBXGroup;
			children = (
				7131725022F9BF4800575BBF /* LaunchScreen.storyboard */,
				7131725322F9BF4800575BBF /* Info.plist */,
				7131724E22F9BF4800575BBF /* Assets.xcassets */,
			);
			name = Files;
			sourceTree = "<group>";
		};
		7131725A22F9BF9300575BBF /* Anchors */ = {
			isa = PBXGroup;
			children = (
				7131725D22F9C08200575BBF /* BasicAnchors.swift */,
				7131725F22F9C09000575BBF /* SafeAreaGuide.swift */,
				7131726122F9C09D00575BBF /* LayoutMargins.swift */,
				7131726522F9C0B500575BBF /* SpacerViews.swift */,
				7131726722F9C0C600575BBF /* ReadableContentGuides.swift */,
			);
			name = Anchors;
			sourceTree = "<group>";
		};
		7131726B22F9C3FA00575BBF /* IntrinsicContentSize */ = {
			isa = PBXGroup;
			children = (
				7131726C22F9C44900575BBF /* OverrideLabel.swift */,
				7131726E22F9C45900575BBF /* CHCRForm.swift */,
				7131727022F9C46400575BBF /* CHCRImage.swift */,
			);
			name = IntrinsicContentSize;
			sourceTree = "<group>";
		};
		7135C24F230ED63A00F34786 /* AdaptingLayouts */ = {
			isa = PBXGroup;
			children = (
				7135C250230ED67600F34786 /* Constants.swift */,
				7135C252230EDA3900F34786 /* Constraints.swift */,
				7135C254230EDBED00F34786 /* Visibility.swift */,
			);
			name = AdaptingLayouts;
			sourceTree = "<group>";
		};
		71B6D5C9230C2ED300F54F57 /* AdjustConstraints */ = {
			isa = PBXGroup;
			children = (
				71B6D5C7230C2E0300F54F57 /* AdjustConstraintsView.swift */,
				71B6D5CC230C2F2900F54F57 /* AdjustConstraintsBlueView.swift */,
			);
			name = AdjustConstraints;
			sourceTree = "<group>";
		};
		71B6D5CE230C3A3500F54F57 /* AdjustSpacers */ = {
			isa = PBXGroup;
			children = (
				71B6D5CF230C3A5400F54F57 /* AdjustSpacersView.swift */,
				71B6D5D1230C3B1100F54F57 /* AdjustSpacersBlueView.swift */,
			);
			name = AdjustSpacers;
			sourceTree = "<group>";
		};
		71D6E00D22F9C63100400984 /* StackViews */ = {
			isa = PBXGroup;
			children = (
				712F3A9622FDFD7700345A0C /* Distributions */,
				71D6E01022F9C6BF00400984 /* SimpleStackView.swift */,
				7185E09F22FB148100DFC3DE /* CustomView.swift */,
				7185E0A222FB154200DFC3DE /* RowView.swift */,
				712F3A8C22FDC28700345A0C /* ScrollableView.swift */,
				712F3A8F22FDD8E300345A0C /* PaddingView.swift */,
				712F3A9222FDD99800345A0C /* StackSpacerView.swift */,
			);
			name = StackViews;
			sourceTree = "<group>";
		};
/* End PBXGroup section */

/* Begin PBXNativeTarget section */
		7131724322F9BF4700575BBF /* 1-Examples */ = {
			isa = PBXNativeTarget;
			buildConfigurationList = 7131725622F9BF4800575BBF /* Build configuration list for PBXNativeTarget "1-Examples" */;
			buildPhases = (
				7131724022F9BF4700575BBF /* Sources */,
				7131724122F9BF4700575BBF /* Frameworks */,
				7131724222F9BF4700575BBF /* Resources */,
			);
			buildRules = (
			);
			dependencies = (
			);
			name = "1-Examples";
			productName = "1-Examples";
			productReference = 7131724422F9BF4700575BBF /* 1-Examples.app */;
			productType = "com.apple.product-type.application";
		};
/* End PBXNativeTarget section */

/* Begin PBXProject section */
		7131723C22F9BF4700575BBF /* Project object */ = {
			isa = PBXProject;
			attributes = {
				LastSwiftUpdateCheck = 1020;
				LastUpgradeCheck = 1320;
				ORGANIZATIONNAME = "Jonathan Rasmusson";
				TargetAttributes = {
					7131724322F9BF4700575BBF = {
						CreatedOnToolsVersion = 10.2;
					};
				};
			};
			buildConfigurationList = 7131723F22F9BF4700575BBF /* Build configuration list for PBXProject "1-Examples" */;
			compatibilityVersion = "Xcode 9.3";
			developmentRegion = en;
			hasScannedForEncodings = 0;
			knownRegions = (
				en,
				Base,
			);
			mainGroup = 7131723B22F9BF4700575BBF;
			productRefGroup = 7131724522F9BF4700575BBF /* Products */;
			projectDirPath = "";
			projectRoot = "";
			targets = (
				7131724322F9BF4700575BBF /* 1-Examples */,
			);
		};
/* End PBXProject section */

/* Begin PBXResourcesBuildPhase section */
		7131724222F9BF4700575BBF /* Resources */ = {
			isa = PBXResourcesBuildPhase;
			buildActionMask = 2147483647;
			files = (
				7131725222F9BF4800575BBF /* LaunchScreen.storyboard in Resources */,
				7131724F22F9BF4800575BBF /* Assets.xcassets in Resources */,
			);
			runOnlyForDeploymentPostprocessing = 0;
		};
/* End PBXResourcesBuildPhase section */

/* Begin PBXSourcesBuildPhase section */
		7131724022F9BF4700575BBF /* Sources */ = {
			isa = PBXSourcesBuildPhase;
			buildActionMask = 2147483647;
			files = (
				71B6D5D2230C3B1100F54F57 /* AdjustSpacersBlueView.swift in Sources */,
				710EB6BB2302EF6A00404F03 /* OrientationView.swift in Sources */,
				712F3A9322FDD99800345A0C /* StackSpacerView.swift in Sources */,
				7135C253230EDA3900F34786 /* Constraints.swift in Sources */,
				7131726A22F9C1E400575BBF /* Factories.swift in Sources */,
				712F3A9022FDD8E300345A0C /* PaddingView.swift in Sources */,
				7135C251230ED67600F34786 /* Constants.swift in Sources */,
				71B6D5C8230C2E0300F54F57 /* AdjustConstraintsView.swift in Sources */,
				71B6D5D0230C3A5400F54F57 /* AdjustSpacersView.swift in Sources */,
				712F3A8D22FDC28700345A0C /* ScrollableView.swift in Sources */,
				712F3A9A22FE00FD00345A0C /* FillEqually.swift in Sources */,
				7185E0A022FB148100DFC3DE /* CustomView.swift in Sources */,
				71B6D5CD230C2F2900F54F57 /* AdjustConstraintsBlueView.swift in Sources */,
				712F3A9C22FE012400345A0C /* EqualSpacing.swift in Sources */,
				7131727122F9C46400575BBF /* CHCRImage.swift in Sources */,
				712F3A9E22FE01E000345A0C /* EqualCentering.swift in Sources */,
				7131726D22F9C44900575BBF /* OverrideLabel.swift in Sources */,
				7131726222F9C09D00575BBF /* LayoutMargins.swift in Sources */,
				71D6E01122F9C6BF00400984 /* SimpleStackView.swift in Sources */,
				7135C255230EDBED00F34786 /* Visibility.swift in Sources */,
				7131726F22F9C45900575BBF /* CHCRForm.swift in Sources */,
				710EB6BE2302FECE00404F03 /* RedView.swift in Sources */,
				7131726822F9C0C600575BBF /* ReadableContentGuides.swift in Sources */,
				712F3AA222FE030300345A0C /* CHCRFill.swift in Sources */,
				7185E0A322FB154200DFC3DE /* RowView.swift in Sources */,
				7131725E22F9C08200575BBF /* BasicAnchors.swift in Sources */,
				7131726622F9C0B500575BBF /* SpacerViews.swift in Sources */,
				7131724822F9BF4700575BBF /* AppDelegate.swift in Sources */,
				7131726022F9C09000575BBF /* SafeAreaGuide.swift in Sources */,
				712F3A9822FDFD8E00345A0C /* Fill.swift in Sources */,
				712F3A9522FDF59800345A0C /* LabViewController.swift in Sources */,
				710EB6C02302FF1E00404F03 /* BlueView.swift in Sources */,
			);
			runOnlyForDeploymentPostprocessing = 0;
		};
/* End PBXSourcesBuildPhase section */

/* Begin PBXVariantGroup section */
		7131725022F9BF4800575BBF /* LaunchScreen.storyboard */ = {
			isa = PBXVariantGroup;
			children = (
				7131725122F9BF4800575BBF /* Base */,
			);
			name = LaunchScreen.storyboard;
			sourceTree = "<group>";
		};
/* End PBXVariantGroup section */

/* Begin XCBuildConfiguration section */
		7131725422F9BF4800575BBF /* Debug */ = {
			isa = XCBuildConfiguration;
			buildSettings = {
				ALWAYS_SEARCH_USER_PATHS = NO;
				CLANG_ANALYZER_NONNULL = YES;
				CLANG_ANALYZER_NUMBER_OBJECT_CONVERSION = YES_AGGRESSIVE;
				CLANG_CXX_LANGUAGE_STANDARD = "gnu++14";
				CLANG_CXX_LIBRARY = "libc++";
				CLANG_ENABLE_MODULES = YES;
				CLANG_ENABLE_OBJC_ARC = YES;
				CLANG_ENABLE_OBJC_WEAK = YES;
				CLANG_WARN_BLOCK_CAPTURE_AUTORELEASING = YES;
				CLANG_WARN_BOOL_CONVERSION = YES;
				CLANG_WARN_COMMA = YES;
				CLANG_WARN_CONSTANT_CONVERSION = YES;
				CLANG_WARN_DEPRECATED_OBJC_IMPLEMENTATIONS = YES;
				CLANG_WARN_DIRECT_OBJC_ISA_USAGE = YES_ERROR;
				CLANG_WARN_DOCUMENTATION_COMMENTS = YES;
				CLANG_WARN_EMPTY_BODY = YES;
				CLANG_WARN_ENUM_CONVERSION = YES;
				CLANG_WARN_INFINITE_RECURSION = YES;
				CLANG_WARN_INT_CONVERSION = YES;
				CLANG_WARN_NON_LITERAL_NULL_CONVERSION = YES;
				CLANG_WARN_OBJC_IMPLICIT_RETAIN_SELF = YES;
				CLANG_WARN_OBJC_LITERAL_CONVERSION = YES;
				CLANG_WARN_OBJC_ROOT_CLASS = YES_ERROR;
				CLANG_WARN_QUOTED_INCLUDE_IN_FRAMEWORK_HEADER = YES;
				CLANG_WARN_RANGE_LOOP_ANALYSIS = YES;
				CLANG_WARN_STRICT_PROTOTYPES = YES;
				CLANG_WARN_SUSPICIOUS_MOVE = YES;
				CLANG_WARN_UNGUARDED_AVAILABILITY = YES_AGGRESSIVE;
				CLANG_WARN_UNREACHABLE_CODE = YES;
				CLANG_WARN__DUPLICATE_METHOD_MATCH = YES;
				CODE_SIGN_IDENTITY = "iPhone Developer";
				COPY_PHASE_STRIP = NO;
				DEBUG_INFORMATION_FORMAT = dwarf;
				ENABLE_STRICT_OBJC_MSGSEND = YES;
				ENABLE_TESTABILITY = YES;
				GCC_C_LANGUAGE_STANDARD = gnu11;
				GCC_DYNAMIC_NO_PIC = NO;
				GCC_NO_COMMON_BLOCKS = YES;
				GCC_OPTIMIZATION_LEVEL = 0;
				GCC_PREPROCESSOR_DEFINITIONS = (
					"DEBUG=1",
					"$(inherited)",
				);
				GCC_WARN_64_TO_32_BIT_CONVERSION = YES;
				GCC_WARN_ABOUT_RETURN_TYPE = YES_ERROR;
				GCC_WARN_UNDECLARED_SELECTOR = YES;
				GCC_WARN_UNINITIALIZED_AUTOS = YES_AGGRESSIVE;
				GCC_WARN_UNUSED_FUNCTION = YES;
				GCC_WARN_UNUSED_VARIABLE = YES;
				IPHONEOS_DEPLOYMENT_TARGET = 15.0;
				MTL_ENABLE_DEBUG_INFO = INCLUDE_SOURCE;
				MTL_FAST_MATH = YES;
				ONLY_ACTIVE_ARCH = YES;
				SDKROOT = iphoneos;
				SWIFT_ACTIVE_COMPILATION_CONDITIONS = DEBUG;
				SWIFT_OPTIMIZATION_LEVEL = "-Onone";
			};
			name = Debug;
		};
		7131725522F9BF4800575BBF /* Release */ = {
			isa = XCBuildConfiguration;
			buildSettings = {
				ALWAYS_SEARCH_USER_PATHS = NO;
				CLANG_ANALYZER_NONNULL = YES;
				CLANG_ANALYZER_NUMBER_OBJECT_CONVERSION = YES_AGGRESSIVE;
				CLANG_CXX_LANGUAGE_STANDARD = "gnu++14";
				CLANG_CXX_LIBRARY = "libc++";
				CLANG_ENABLE_MODULES = YES;
				CLANG_ENABLE_OBJC_ARC = YES;
				CLANG_ENABLE_OBJC_WEAK = YES;
				CLANG_WARN_BLOCK_CAPTURE_AUTORELEASING = YES;
				CLANG_WARN_BOOL_CONVERSION = YES;
				CLANG_WARN_COMMA = YES;
				CLANG_WARN_CONSTANT_CONVERSION = YES;
				CLANG_WARN_DEPRECATED_OBJC_IMPLEMENTATIONS = YES;
				CLANG_WARN_DIRECT_OBJC_ISA_USAGE = YES_ERROR;
				CLANG_WARN_DOCUMENTATION_COMMENTS = YES;
				CLANG_WARN_EMPTY_BODY = YES;
				CLANG_WARN_ENUM_CONVERSION = YES;
				CLANG_WARN_INFINITE_RECURSION = YES;
				CLANG_WARN_INT_CONVERSION = YES;
				CLANG_WARN_NON_LITERAL_NULL_CONVERSION = YES;
				CLANG_WARN_OBJC_IMPLICIT_RETAIN_SELF = YES;
				CLANG_WARN_OBJC_LITERAL_CONVERSION = YES;
				CLANG_WARN_OBJC_ROOT_CLASS = YES_ERROR;
				CLANG_WARN_QUOTED_INCLUDE_IN_FRAMEWORK_HEADER = YES;
				CLANG_WARN_RANGE_LOOP_ANALYSIS = YES;
				CLANG_WARN_STRICT_PROTOTYPES = YES;
				CLANG_WARN_SUSPICIOUS_MOVE = YES;
				CLANG_WARN_UNGUARDED_AVAILABILITY = YES_AGGRESSIVE;
				CLANG_WARN_UNREACHABLE_CODE = YES;
				CLANG_WARN__DUPLICATE_METHOD_MATCH = YES;
				CODE_SIGN_IDENTITY = "iPhone Developer";
				COPY_PHASE_STRIP = NO;
				DEBUG_INFORMATION_FORMAT = "dwarf-with-dsym";
				ENABLE_NS_ASSERTIONS = NO;
				ENABLE_STRICT_OBJC_MSGSEND = YES;
				GCC_C_LANGUAGE_STANDARD = gnu11;
				GCC_NO_COMMON_BLOCKS = YES;
				GCC_WARN_64_TO_32_BIT_CONVERSION = YES;
				GCC_WARN_ABOUT_RETURN_TYPE = YES_ERROR;
				GCC_WARN_UNDECLARED_SELECTOR = YES;
				GCC_WARN_UNINITIALIZED_AUTOS = YES_AGGRESSIVE;
				GCC_WARN_UNUSED_FUNCTION = YES;
				GCC_WARN_UNUSED_VARIABLE = YES;
				IPHONEOS_DEPLOYMENT_TARGET = 15.0;
				MTL_ENABLE_DEBUG_INFO = NO;
				MTL_FAST_MATH = YES;
				SDKROOT = iphoneos;
				SWIFT_COMPILATION_MODE = wholemodule;
				SWIFT_OPTIMIZATION_LEVEL = "-O";
				VALIDATE_PRODUCT = YES;
			};
			name = Release;
		};
		7131725722F9BF4800575BBF /* Debug */ = {
			isa = XCBuildConfiguration;
			buildSettings = {
				ASSETCATALOG_COMPILER_APPICON_NAME = AppIcon;
				CODE_SIGN_STYLE = Automatic;
				INFOPLIST_FILE = "1-Examples/Info.plist";
				LD_RUNPATH_SEARCH_PATHS = (
					"$(inherited)",
					"@executable_path/Frameworks",
				);
				PRODUCT_BUNDLE_IDENTIFIER = "com.rsc.--Examples";
				PRODUCT_NAME = "$(TARGET_NAME)";
				SWIFT_VERSION = 5.0;
				TARGETED_DEVICE_FAMILY = "1,2";
			};
			name = Debug;
		};
		7131725822F9BF4800575BBF /* Release */ = {
			isa = XCBuildConfiguration;
			buildSettings = {
				ASSETCATALOG_COMPILER_APPICON_NAME = AppIcon;
				CODE_SIGN_STYLE = Automatic;
				INFOPLIST_FILE = "1-Examples/Info.plist";
				LD_RUNPATH_SEARCH_PATHS = (
					"$(inherited)",
					"@executable_path/Frameworks",
				);
				PRODUCT_BUNDLE_IDENTIFIER = "com.rsc.--Examples";
				PRODUCT_NAME = "$(TARGET_NAME)";
				SWIFT_VERSION = 5.0;
				TARGETED_DEVICE_FAMILY = "1,2";
			};
			name = Release;
		};
/* End XCBuildConfiguration section */

/* Begin XCConfigurationList section */
		7131723F22F9BF4700575BBF /* Build configuration list for PBXProject "1-Examples" */ = {
			isa = XCConfigurationList;
			buildConfigurations = (
				7131725422F9BF4800575BBF /* Debug */,
				7131725522F9BF4800575BBF /* Release */,
			);
			defaultConfigurationIsVisible = 0;
			defaultConfigurationName = Release;
		};
		7131725622F9BF4800575BBF /* Build configuration list for PBXNativeTarget "1-Examples" */ = {
			isa = XCConfigurationList;
			buildConfigurations = (
				7131725722F9BF4800575BBF /* Debug */,
				7131725822F9BF4800575BBF /* Release */,
			);
			defaultConfigurationIsVisible = 0;
			defaultConfigurationName = Release;
		};
/* End XCConfigurationList section */
	};
	rootObject = 7131723C22F9BF4700575BBF /* Project object */;
}
