// !$*UTF8*$!
{
	archiveVersion = 1;
	classes = {
	};
	objectVersion = 50;
	objects = {

/* Begin PBXBuildFile section */
		711B894322DA44EB005F7DFA /* AppDelegate.swift in Sources */ = {isa = PBXBuildFile; fileRef = 711B894222DA44EB005F7DFA /* AppDelegate.swift */; };
		711B894522DA44EB005F7DFA /* ViewController.swift in Sources */ = {isa = PBXBuildFile; fileRef = 711B894422DA44EB005F7DFA /* ViewController.swift */; };
		711B894A22DA44EB005F7DFA /* Assets.xcassets in Resources */ = {isa = PBXBuildFile; fileRef = 711B894922DA44EB005F7DFA /* Assets.xcassets */; };
		711B894D22DA44EB005F7DFA /* LaunchScreen.storyboard in Resources */ = {isa = PBXBuildFile; fileRef = 711B894B22DA44EB005F7DFA /* LaunchScreen.storyboard */; };
		711B895622DA4717005F7DFA /* BasicAnchors.swift in Sources */ = {isa = PBXBuildFile; fileRef = 711B895522DA4717005F7DFA /* BasicAnchors.swift */; };
		711B895822DB50C0005F7DFA /* SafeAreaGuide.swift in Sources */ = {isa = PBXBuildFile; fileRef = 711B895722DB50C0005F7DFA /* SafeAreaGuide.swift */; };
		711B895A22DB544A005F7DFA /* LayoutMargin.swift in Sources */ = {isa = PBXBuildFile; fileRef = 711B895922DB544A005F7DFA /* LayoutMargin.swift */; };
		711B895C22DB5689005F7DFA /* SpacerViews.swift in Sources */ = {isa = PBXBuildFile; fileRef = 711B895B22DB5689005F7DFA /* SpacerViews.swift */; };
		711B895E22DB5B97005F7DFA /* ReadableContentGuide.swift in Sources */ = {isa = PBXBuildFile; fileRef = 711B895D22DB5B97005F7DFA /* ReadableContentGuide.swift */; };
/* End PBXBuildFile section */

/* Begin PBXFileReference section */
		711B893F22DA44EB005F7DFA /* AnchorsLayoutGuides.app */ = {isa = PBXFileReference; explicitFileType = wrapper.application; includeInIndex = 0; path = AnchorsLayoutGuides.app; sourceTree = BUILT_PRODUCTS_DIR; };
		711B894222DA44EB005F7DFA /* AppDelegate.swift */ = {isa = PBXFileReference; lastKnownFileType = sourcecode.swift; path = AppDelegate.swift; sourceTree = "<group>"; };
		711B894422DA44EB005F7DFA /* ViewController.swift */ = {isa = PBXFileReference; lastKnownFileType = sourcecode.swift; path = ViewController.swift; sourceTree = "<group>"; };
		711B894922DA44EB005F7DFA /* Assets.xcassets */ = {isa = PBXFileReference; lastKnownFileType = folder.assetcatalog; path = Assets.xcassets; sourceTree = "<group>"; };
		711B894C22DA44EB005F7DFA /* Base */ = {isa = PBXFileReference; lastKnownFileType = file.storyboard; name = Base; path = Base.lproj/LaunchScreen.storyboard; sourceTree = "<group>"; };
		711B894E22DA44EB005F7DFA /* Info.plist */ = {isa = PBXFileReference; lastKnownFileType = text.plist.xml; path = Info.plist; sourceTree = "<group>"; };
		711B895522DA4717005F7DFA /* BasicAnchors.swift */ = {isa = PBXFileReference; lastKnownFileType = sourcecode.swift; path = BasicAnchors.swift; sourceTree = "<group>"; };
		711B895722DB50C0005F7DFA /* SafeAreaGuide.swift */ = {isa = PBXFileReference; lastKnownFileType = sourcecode.swift; path = SafeAreaGuide.swift; sourceTree = "<group>"; };
		711B895922DB544A005F7DFA /* LayoutMargin.swift */ = {isa = PBXFileReference; lastKnownFileType = sourcecode.swift; path = LayoutMargin.swift; sourceTree = "<group>"; };
		711B895B22DB5689005F7DFA /* SpacerViews.swift */ = {isa = PBXFileReference; lastKnownFileType = sourcecode.swift; path = SpacerViews.swift; sourceTree = "<group>"; };
		711B895D22DB5B97005F7DFA /* ReadableContentGuide.swift */ = {isa = PBXFileReference; lastKnownFileType = sourcecode.swift; path = ReadableContentGuide.swift; sourceTree = "<group>"; };
/* End PBXFileReference section */

/* Begin PBXFrameworksBuildPhase section */
		711B893C22DA44EB005F7DFA /* Frameworks */ = {
			isa = PBXFrameworksBuildPhase;
			buildActionMask = 2147483647;
			files = (
			);
			runOnlyForDeploymentPostprocessing = 0;
		};
/* End PBXFrameworksBuildPhase section */

/* Begin PBXGroup section */
		711B893622DA44EB005F7DFA = {
			isa = PBXGroup;
			children = (
				711B894122DA44EB005F7DFA /* AnchorsLayoutGuides */,
				711B894022DA44EB005F7DFA /* Products */,
			);
			sourceTree = "<group>";
		};
		711B894022DA44EB005F7DFA /* Products */ = {
			isa = PBXGroup;
			children = (
				711B893F22DA44EB005F7DFA /* AnchorsLayoutGuides.app */,
			);
			name = Products;
			sourceTree = "<group>";
		};
		711B894122DA44EB005F7DFA /* AnchorsLayoutGuides */ = {
			isa = PBXGroup;
			children = (
				711B895422DA4521005F7DFA /* Files */,
				711B894222DA44EB005F7DFA /* AppDelegate.swift */,
				711B894422DA44EB005F7DFA /* ViewController.swift */,
				711B895522DA4717005F7DFA /* BasicAnchors.swift */,
				711B895722DB50C0005F7DFA /* SafeAreaGuide.swift */,
				711B895922DB544A005F7DFA /* LayoutMargin.swift */,
				711B895B22DB5689005F7DFA /* SpacerViews.swift */,
				711B895D22DB5B97005F7DFA /* ReadableContentGuide.swift */,
			);
			path = AnchorsLayoutGuides;
			sourceTree = "<group>";
		};
		711B895422DA4521005F7DFA /* Files */ = {
			isa = PBXGroup;
			children = (
				711B894E22DA44EB005F7DFA /* Info.plist */,
				711B894B22DA44EB005F7DFA /* LaunchScreen.storyboard */,
				711B894922DA44EB005F7DFA /* Assets.xcassets */,
			);
			name = Files;
			sourceTree = "<group>";
		};
/* End PBXGroup section */

/* Begin PBXNativeTarget section */
		711B893E22DA44EB005F7DFA /* AnchorsLayoutGuides */ = {
			isa = PBXNativeTarget;
			buildConfigurationList = 711B895122DA44EB005F7DFA /* Build configuration list for PBXNativeTarget "AnchorsLayoutGuides" */;
			buildPhases = (
				711B893B22DA44EB005F7DFA /* Sources */,
				711B893C22DA44EB005F7DFA /* Frameworks */,
				711B893D22DA44EB005F7DFA /* Resources */,
			);
			buildRules = (
			);
			dependencies = (
			);
			name = AnchorsLayoutGuides;
			productName = AnchorsLayoutGuides;
			productReference = 711B893F22DA44EB005F7DFA /* AnchorsLayoutGuides.app */;
			productType = "com.apple.product-type.application";
		};
/* End PBXNativeTarget section */

/* Begin PBXProject section */
		711B893722DA44EB005F7DFA /* Project object */ = {
			isa = PBXProject;
			attributes = {
				LastSwiftUpdateCheck = 1020;
				LastUpgradeCheck = 1020;
				ORGANIZATIONNAME = "Rasmusson Software Consulting";
				TargetAttributes = {
					711B893E22DA44EB005F7DFA = {
						CreatedOnToolsVersion = 10.2.1;
					};
				};
			};
			buildConfigurationList = 711B893A22DA44EB005F7DFA /* Build configuration list for PBXProject "AnchorsLayoutGuides" */;
			compatibilityVersion = "Xcode 9.3";
			developmentRegion = en;
			hasScannedForEncodings = 0;
			knownRegions = (
				en,
				Base,
			);
			mainGroup = 711B893622DA44EB005F7DFA;
			productRefGroup = 711B894022DA44EB005F7DFA /* Products */;
			projectDirPath = "";
			projectRoot = "";
			targets = (
				711B893E22DA44EB005F7DFA /* AnchorsLayoutGuides */,
			);
		};
/* End PBXProject section */

/* Begin PBXResourcesBuildPhase section */
		711B893D22DA44EB005F7DFA /* Resources */ = {
			isa = PBXResourcesBuildPhase;
			buildActionMask = 2147483647;
			files = (
				711B894D22DA44EB005F7DFA /* LaunchScreen.storyboard in Resources */,
				711B894A22DA44EB005F7DFA /* Assets.xcassets in Resources */,
			);
			runOnlyForDeploymentPostprocessing = 0;
		};
/* End PBXResourcesBuildPhase section */

/* Begin PBXSourcesBuildPhase section */
		711B893B22DA44EB005F7DFA /* Sources */ = {
			isa = PBXSourcesBuildPhase;
			buildActionMask = 2147483647;
			files = (
				711B895E22DB5B97005F7DFA /* ReadableContentGuide.swift in Sources */,
				711B895822DB50C0005F7DFA /* SafeAreaGuide.swift in Sources */,
				711B895622DA4717005F7DFA /* BasicAnchors.swift in Sources */,
				711B895C22DB5689005F7DFA /* SpacerViews.swift in Sources */,
				711B894522DA44EB005F7DFA /* ViewController.swift in Sources */,
				711B895A22DB544A005F7DFA /* LayoutMargin.swift in Sources */,
				711B894322DA44EB005F7DFA /* AppDelegate.swift in Sources */,
			);
			runOnlyForDeploymentPostprocessing = 0;
		};
/* End PBXSourcesBuildPhase section */

/* Begin PBXVariantGroup section */
		711B894B22DA44EB005F7DFA /* LaunchScreen.storyboard */ = {
			isa = PBXVariantGroup;
			children = (
				711B894C22DA44EB005F7DFA /* Base */,
			);
			name = LaunchScreen.storyboard;
			sourceTree = "<group>";
		};
/* End PBXVariantGroup section */

/* Begin XCBuildConfiguration section */
		711B894F22DA44EB005F7DFA /* Debug */ = {
			isa = XCBuildConfiguration;
			buildSettings = {
				ALWAYS_SEARCH_USER_PATHS = NO;
				CLANG_ANALYZER_NONNULL = YES;
				CLANG_ANALYZER_NUMBER_OBJECT_CONVERSION = YES_AGGRESSIVE;
				CLANG_CXX_LANGUAGE_STANDARD = "gnu++14";
				CLANG_CXX_LIBRARY = "libc++";
				CLANG_ENABLE_MODULES = YES;
				CLANG_ENABLE_OBJC_ARC = YES;
				CLANG_ENABLE_OBJC_WEAK = YES;
				CLANG_WARN_BLOCK_CAPTURE_AUTORELEASING = YES;
				CLANG_WARN_BOOL_CONVERSION = YES;
				CLANG_WARN_COMMA = YES;
				CLANG_WARN_CONSTANT_CONVERSION = YES;
				CLANG_WARN_DEPRECATED_OBJC_IMPLEMENTATIONS = YES;
				CLANG_WARN_DIRECT_OBJC_ISA_USAGE = YES_ERROR;
				CLANG_WARN_DOCUMENTATION_COMMENTS = YES;
				CLANG_WARN_EMPTY_BODY = YES;
				CLANG_WARN_ENUM_CONVERSION = YES;
				CLANG_WARN_INFINITE_RECURSION = YES;
				CLANG_WARN_INT_CONVERSION = YES;
				CLANG_WARN_NON_LITERAL_NULL_CONVERSION = YES;
				CLANG_WARN_OBJC_IMPLICIT_RETAIN_SELF = YES;
				CLANG_WARN_OBJC_LITERAL_CONVERSION = YES;
				CLANG_WARN_OBJC_ROOT_CLASS = YES_ERROR;
				CLANG_WARN_RANGE_LOOP_ANALYSIS = YES;
				CLANG_WARN_STRICT_PROTOTYPES = YES;
				CLANG_WARN_SUSPICIOUS_MOVE = YES;
				CLANG_WARN_UNGUARDED_AVAILABILITY = YES_AGGRESSIVE;
				CLANG_WARN_UNREACHABLE_CODE = YES;
				CLANG_WARN__DUPLICATE_METHOD_MATCH = YES;
				CODE_SIGN_IDENTITY = "iPhone Developer";
				COPY_PHASE_STRIP = NO;
				DEBUG_INFORMATION_FORMAT = dwarf;
				ENABLE_STRICT_OBJC_MSGSEND = YES;
				ENABLE_TESTABILITY = YES;
				GCC_C_LANGUAGE_STANDARD = gnu11;
				GCC_DYNAMIC_NO_PIC = NO;
				GCC_NO_COMMON_BLOCKS = YES;
				GCC_OPTIMIZATION_LEVEL = 0;
				GCC_PREPROCESSOR_DEFINITIONS = (
					"DEBUG=1",
					"$(inherited)",
				);
				GCC_WARN_64_TO_32_BIT_CONVERSION = YES;
				GCC_WARN_ABOUT_RETURN_TYPE = YES_ERROR;
				GCC_WARN_UNDECLARED_SELECTOR = YES;
				GCC_WARN_UNINITIALIZED_AUTOS = YES_AGGRESSIVE;
				GCC_WARN_UNUSED_FUNCTION = YES;
				GCC_WARN_UNUSED_VARIABLE = YES;
				IPHONEOS_DEPLOYMENT_TARGET = 12.2;
				MTL_ENABLE_DEBUG_INFO = INCLUDE_SOURCE;
				MTL_FAST_MATH = YES;
				ONLY_ACTIVE_ARCH = YES;
				SDKROOT = iphoneos;
				SWIFT_ACTIVE_COMPILATION_CONDITIONS = DEBUG;
				SWIFT_OPTIMIZATION_LEVEL = "-Onone";
			};
			name = Debug;
		};
		711B895022DA44EB005F7DFA /* Release */ = {
			isa = XCBuildConfiguration;
			buildSettings = {
				ALWAYS_SEARCH_USER_PATHS = NO;
				CLANG_ANALYZER_NONNULL = YES;
				CLANG_ANALYZER_NUMBER_OBJECT_CONVERSION = YES_AGGRESSIVE;
				CLANG_CXX_LANGUAGE_STANDARD = "gnu++14";
				CLANG_CXX_LIBRARY = "libc++";
				CLANG_ENABLE_MODULES = YES;
				CLANG_ENABLE_OBJC_ARC = YES;
				CLANG_ENABLE_OBJC_WEAK = YES;
				CLANG_WARN_BLOCK_CAPTURE_AUTORELEASING = YES;
				CLANG_WARN_BOOL_CONVERSION = YES;
				CLANG_WARN_COMMA = YES;
				CLANG_WARN_CONSTANT_CONVERSION = YES;
				CLANG_WARN_DEPRECATED_OBJC_IMPLEMENTATIONS = YES;
				CLANG_WARN_DIRECT_OBJC_ISA_USAGE = YES_ERROR;
				CLANG_WARN_DOCUMENTATION_COMMENTS = YES;
				CLANG_WARN_EMPTY_BODY = YES;
				CLANG_WARN_ENUM_CONVERSION = YES;
				CLANG_WARN_INFINITE_RECURSION = YES;
				CLANG_WARN_INT_CONVERSION = YES;
				CLANG_WARN_NON_LITERAL_NULL_CONVERSION = YES;
				CLANG_WARN_OBJC_IMPLICIT_RETAIN_SELF = YES;
				CLANG_WARN_OBJC_LITERAL_CONVERSION = YES;
				CLANG_WARN_OBJC_ROOT_CLASS = YES_ERROR;
				CLANG_WARN_RANGE_LOOP_ANALYSIS = YES;
				CLANG_WARN_STRICT_PROTOTYPES = YES;
				CLANG_WARN_SUSPICIOUS_MOVE = YES;
				CLANG_WARN_UNGUARDED_AVAILABILITY = YES_AGGRESSIVE;
				CLANG_WARN_UNREACHABLE_CODE = YES;
				CLANG_WARN__DUPLICATE_METHOD_MATCH = YES;
				CODE_SIGN_IDENTITY = "iPhone Developer";
				COPY_PHASE_STRIP = NO;
				DEBUG_INFORMATION_FORMAT = "dwarf-with-dsym";
				ENABLE_NS_ASSERTIONS = NO;
				ENABLE_STRICT_OBJC_MSGSEND = YES;
				GCC_C_LANGUAGE_STANDARD = gnu11;
				GCC_NO_COMMON_BLOCKS = YES;
				GCC_WARN_64_TO_32_BIT_CONVERSION = YES;
				GCC_WARN_ABOUT_RETURN_TYPE = YES_ERROR;
				GCC_WARN_UNDECLARED_SELECTOR = YES;
				GCC_WARN_UNINITIALIZED_AUTOS = YES_AGGRESSIVE;
				GCC_WARN_UNUSED_FUNCTION = YES;
				GCC_WARN_UNUSED_VARIABLE = YES;
				IPHONEOS_DEPLOYMENT_TARGET = 12.2;
				MTL_ENABLE_DEBUG_INFO = NO;
				MTL_FAST_MATH = YES;
				SDKROOT = iphoneos;
				SWIFT_COMPILATION_MODE = wholemodule;
				SWIFT_OPTIMIZATION_LEVEL = "-O";
				VALIDATE_PRODUCT = YES;
			};
			name = Release;
		};
		711B895222DA44EB005F7DFA /* Debug */ = {
			isa = XCBuildConfiguration;
			buildSettings = {
				ASSETCATALOG_COMPILER_APPICON_NAME = AppIcon;
				CODE_SIGN_STYLE = Automatic;
				INFOPLIST_FILE = AnchorsLayoutGuides/Info.plist;
				LD_RUNPATH_SEARCH_PATHS = (
					"$(inherited)",
					"@executable_path/Frameworks",
				);
				PRODUCT_BUNDLE_IDENTIFIER = com.rsc.AnchorsLayoutGuides;
				PRODUCT_NAME = "$(TARGET_NAME)";
				SWIFT_VERSION = 5.0;
				TARGETED_DEVICE_FAMILY = "1,2";
			};
			name = Debug;
		};
		711B895322DA44EB005F7DFA /* Release */ = {
			isa = XCBuildConfiguration;
			buildSettings = {
				ASSETCATALOG_COMPILER_APPICON_NAME = AppIcon;
				CODE_SIGN_STYLE = Automatic;
				INFOPLIST_FILE = AnchorsLayoutGuides/Info.plist;
				LD_RUNPATH_SEARCH_PATHS = (
					"$(inherited)",
					"@executable_path/Frameworks",
				);
				PRODUCT_BUNDLE_IDENTIFIER = com.rsc.AnchorsLayoutGuides;
				PRODUCT_NAME = "$(TARGET_NAME)";
				SWIFT_VERSION = 5.0;
				TARGETED_DEVICE_FAMILY = "1,2";
			};
			name = Release;
		};
/* End XCBuildConfiguration section */

/* Begin XCConfigurationList section */
		711B893A22DA44EB005F7DFA /* Build configuration list for PBXProject "AnchorsLayoutGuides" */ = {
			isa = XCConfigurationList;
			buildConfigurations = (
				711B894F22DA44EB005F7DFA /* Debug */,
				711B895022DA44EB005F7DFA /* Release */,
			);
			defaultConfigurationIsVisible = 0;
			defaultConfigurationName = Release;
		};
		711B895122DA44EB005F7DFA /* Build configuration list for PBXNativeTarget "AnchorsLayoutGuides" */ = {
			isa = XCConfigurationList;
			buildConfigurations = (
				711B895222DA44EB005F7DFA /* Debug */,
				711B895322DA44EB005F7DFA /* Release */,
			);
			defaultConfigurationIsVisible = 0;
			defaultConfigurationName = Release;
		};
/* End XCConfigurationList section */
	};
	rootObject = 711B893722DA44EB005F7DFA /* Project object */;
}
