// !$*UTF8*$!
{
	archiveVersion = 1;
	classes = {
	};
	objectVersion = 50;
	objects = {

/* Begin PBXBuildFile section */
		71BB595423101FBD00603FCE /* AppDelegate.swift in Sources */ = {isa = PBXBuildFile; fileRef = 71BB595323101FBD00603FCE /* AppDelegate.swift */; };
		71BB595B23101FBF00603FCE /* Assets.xcassets in Resources */ = {isa = PBXBuildFile; fileRef = 71BB595A23101FBF00603FCE /* Assets.xcassets */; };
		71BB595E23101FBF00603FCE /* LaunchScreen.storyboard in Resources */ = {isa = PBXBuildFile; fileRef = 71BB595C23101FBF00603FCE /* LaunchScreen.storyboard */; };
		71BB596B231020F200603FCE /* NudgeTheLabel.swift in Sources */ = {isa = PBXBuildFile; fileRef = 71BB596A231020F200603FCE /* NudgeTheLabel.swift */; };
		71BB596D2310218400603FCE /* RedView.swift in Sources */ = {isa = PBXBuildFile; fileRef = 71BB596C2310218400603FCE /* RedView.swift */; };
		71BB596F2310218B00603FCE /* BlueView.swift in Sources */ = {isa = PBXBuildFile; fileRef = 71BB596E2310218B00603FCE /* BlueView.swift */; };
		71BB59712310219400603FCE /* Factories.swift in Sources */ = {isa = PBXBuildFile; fileRef = 71BB59702310219400603FCE /* Factories.swift */; };
/* End PBXBuildFile section */

/* Begin PBXFileReference section */
		71BB595023101FBD00603FCE /* NudgeTheLabel.app */ = {isa = PBXFileReference; explicitFileType = wrapper.application; includeInIndex = 0; path = NudgeTheLabel.app; sourceTree = BUILT_PRODUCTS_DIR; };
		71BB595323101FBD00603FCE /* AppDelegate.swift */ = {isa = PBXFileReference; lastKnownFileType = sourcecode.swift; path = AppDelegate.swift; sourceTree = "<group>"; };
		71BB595A23101FBF00603FCE /* Assets.xcassets */ = {isa = PBXFileReference; lastKnownFileType = folder.assetcatalog; path = Assets.xcassets; sourceTree = "<group>"; };
		71BB595D23101FBF00603FCE /* Base */ = {isa = PBXFileReference; lastKnownFileType = file.storyboard; name = Base; path = Base.lproj/LaunchScreen.storyboard; sourceTree = "<group>"; };
		71BB595F23101FBF00603FCE /* Info.plist */ = {isa = PBXFileReference; lastKnownFileType = text.plist.xml; path = Info.plist; sourceTree = "<group>"; };
		71BB596A231020F200603FCE /* NudgeTheLabel.swift */ = {isa = PBXFileReference; lastKnownFileType = sourcecode.swift; path = NudgeTheLabel.swift; sourceTree = "<group>"; };
		71BB596C2310218400603FCE /* RedView.swift */ = {isa = PBXFileReference; lastKnownFileType = sourcecode.swift; path = RedView.swift; sourceTree = "<group>"; };
		71BB596E2310218B00603FCE /* BlueView.swift */ = {isa = PBXFileReference; lastKnownFileType = sourcecode.swift; path = BlueView.swift; sourceTree = "<group>"; };
		71BB59702310219400603FCE /* Factories.swift */ = {isa = PBXFileReference; lastKnownFileType = sourcecode.swift; path = Factories.swift; sourceTree = "<group>"; };
/* End PBXFileReference section */

/* Begin PBXFrameworksBuildPhase section */
		71BB594D23101FBD00603FCE /* Frameworks */ = {
			isa = PBXFrameworksBuildPhase;
			buildActionMask = 2147483647;
			files = (
			);
			runOnlyForDeploymentPostprocessing = 0;
		};
/* End PBXFrameworksBuildPhase section */

/* Begin PBXGroup section */
		71BB594723101FBD00603FCE = {
			isa = PBXGroup;
			children = (
				71BB595223101FBD00603FCE /* NudgeTheLabel */,
				71BB595123101FBD00603FCE /* Products */,
			);
			sourceTree = "<group>";
		};
		71BB595123101FBD00603FCE /* Products */ = {
			isa = PBXGroup;
			children = (
				71BB595023101FBD00603FCE /* NudgeTheLabel.app */,
			);
			name = Products;
			sourceTree = "<group>";
		};
		71BB595223101FBD00603FCE /* NudgeTheLabel */ = {
			isa = PBXGroup;
			children = (
				71BB596523101FCB00603FCE /* Files */,
				71BB595323101FBD00603FCE /* AppDelegate.swift */,
				71BB596A231020F200603FCE /* NudgeTheLabel.swift */,
				71BB596C2310218400603FCE /* RedView.swift */,
				71BB596E2310218B00603FCE /* BlueView.swift */,
				71BB59702310219400603FCE /* Factories.swift */,
			);
			path = NudgeTheLabel;
			sourceTree = "<group>";
		};
		71BB596523101FCB00603FCE /* Files */ = {
			isa = PBXGroup;
			children = (
				71BB595A23101FBF00603FCE /* Assets.xcassets */,
				71BB595C23101FBF00603FCE /* LaunchScreen.storyboard */,
				71BB595F23101FBF00603FCE /* Info.plist */,
			);
			name = Files;
			sourceTree = "<group>";
		};
/* End PBXGroup section */

/* Begin PBXNativeTarget section */
		71BB594F23101FBD00603FCE /* NudgeTheLabel */ = {
			isa = PBXNativeTarget;
			buildConfigurationList = 71BB596223101FBF00603FCE /* Build configuration list for PBXNativeTarget "NudgeTheLabel" */;
			buildPhases = (
				71BB594C23101FBD00603FCE /* Sources */,
				71BB594D23101FBD00603FCE /* Frameworks */,
				71BB594E23101FBD00603FCE /* Resources */,
			);
			buildRules = (
			);
			dependencies = (
			);
			name = NudgeTheLabel;
			productName = NudgeTheLabel;
			productReference = 71BB595023101FBD00603FCE /* NudgeTheLabel.app */;
			productType = "com.apple.product-type.application";
		};
/* End PBXNativeTarget section */

/* Begin PBXProject section */
		71BB594823101FBD00603FCE /* Project object */ = {
			isa = PBXProject;
			attributes = {
				LastSwiftUpdateCheck = 1030;
				LastUpgradeCheck = 1320;
				ORGANIZATIONNAME = "Rasmusson Software Consulting";
				TargetAttributes = {
					71BB594F23101FBD00603FCE = {
						CreatedOnToolsVersion = 10.3;
					};
				};
			};
			buildConfigurationList = 71BB594B23101FBD00603FCE /* Build configuration list for PBXProject "NudgeTheLabel" */;
			compatibilityVersion = "Xcode 9.3";
			developmentRegion = en;
			hasScannedForEncodings = 0;
			knownRegions = (
				en,
				Base,
			);
			mainGroup = 71BB594723101FBD00603FCE;
			productRefGroup = 71BB595123101FBD00603FCE /* Products */;
			projectDirPath = "";
			projectRoot = "";
			targets = (
				71BB594F23101FBD00603FCE /* NudgeTheLabel */,
			);
		};
/* End PBXProject section */

/* Begin PBXResourcesBuildPhase section */
		71BB594E23101FBD00603FCE /* Resources */ = {
			isa = PBXResourcesBuildPhase;
			buildActionMask = 2147483647;
			files = (
				71BB595E23101FBF00603FCE /* LaunchScreen.storyboard in Resources */,
				71BB595B23101FBF00603FCE /* Assets.xcassets in Resources */,
			);
			runOnlyForDeploymentPostprocessing = 0;
		};
/* End PBXResourcesBuildPhase section */

/* Begin PBXSourcesBuildPhase section */
		71BB594C23101FBD00603FCE /* Sources */ = {
			isa = PBXSourcesBuildPhase;
			buildActionMask = 2147483647;
			files = (
				71BB596F2310218B00603FCE /* BlueView.swift in Sources */,
				71BB596B231020F200603FCE /* NudgeTheLabel.swift in Sources */,
				71BB595423101FBD00603FCE /* AppDelegate.swift in Sources */,
				71BB59712310219400603FCE /* Factories.swift in Sources */,
				71BB596D2310218400603FCE /* RedView.swift in Sources */,
			);
			runOnlyForDeploymentPostprocessing = 0;
		};
/* End PBXSourcesBuildPhase section */

/* Begin PBXVariantGroup section */
		71BB595C23101FBF00603FCE /* LaunchScreen.storyboard */ = {
			isa = PBXVariantGroup;
			children = (
				71BB595D23101FBF00603FCE /* Base */,
			);
			name = LaunchScreen.storyboard;
			sourceTree = "<group>";
		};
/* End PBXVariantGroup section */

/* Begin XCBuildConfiguration section */
		71BB596023101FBF00603FCE /* Debug */ = {
			isa = XCBuildConfiguration;
			buildSettings = {
				ALWAYS_SEARCH_USER_PATHS = NO;
				CLANG_ANALYZER_NONNULL = YES;
				CLANG_ANALYZER_NUMBER_OBJECT_CONVERSION = YES_AGGRESSIVE;
				CLANG_CXX_LANGUAGE_STANDARD = "gnu++14";
				CLANG_CXX_LIBRARY = "libc++";
				CLANG_ENABLE_MODULES = YES;
				CLANG_ENABLE_OBJC_ARC = YES;
				CLANG_ENABLE_OBJC_WEAK = YES;
				CLANG_WARN_BLOCK_CAPTURE_AUTORELEASING = YES;
				CLANG_WARN_BOOL_CONVERSION = YES;
				CLANG_WARN_COMMA = YES;
				CLANG_WARN_CONSTANT_CONVERSION = YES;
				CLANG_WARN_DEPRECATED_OBJC_IMPLEMENTATIONS = YES;
				CLANG_WARN_DIRECT_OBJC_ISA_USAGE = YES_ERROR;
				CLANG_WARN_DOCUMENTATION_COMMENTS = YES;
				CLANG_WARN_EMPTY_BODY = YES;
				CLANG_WARN_ENUM_CONVERSION = YES;
				CLANG_WARN_INFINITE_RECURSION = YES;
				CLANG_WARN_INT_CONVERSION = YES;
				CLANG_WARN_NON_LITERAL_NULL_CONVERSION = YES;
				CLANG_WARN_OBJC_IMPLICIT_RETAIN_SELF = YES;
				CLANG_WARN_OBJC_LITERAL_CONVERSION = YES;
				CLANG_WARN_OBJC_ROOT_CLASS = YES_ERROR;
				CLANG_WARN_QUOTED_INCLUDE_IN_FRAMEWORK_HEADER = YES;
				CLANG_WARN_RANGE_LOOP_ANALYSIS = YES;
				CLANG_WARN_STRICT_PROTOTYPES = YES;
				CLANG_WARN_SUSPICIOUS_MOVE = YES;
				CLANG_WARN_UNGUARDED_AVAILABILITY = YES_AGGRESSIVE;
				CLANG_WARN_UNREACHABLE_CODE = YES;
				CLANG_WARN__DUPLICATE_METHOD_MATCH = YES;
				CODE_SIGN_IDENTITY = "iPhone Developer";
				COPY_PHASE_STRIP = NO;
				DEBUG_INFORMATION_FORMAT = dwarf;
				ENABLE_STRICT_OBJC_MSGSEND = YES;
				ENABLE_TESTABILITY = YES;
				GCC_C_LANGUAGE_STANDARD = gnu11;
				GCC_DYNAMIC_NO_PIC = NO;
				GCC_NO_COMMON_BLOCKS = YES;
				GCC_OPTIMIZATION_LEVEL = 0;
				GCC_PREPROCESSOR_DEFINITIONS = (
					"DEBUG=1",
					"$(inherited)",
				);
				GCC_WARN_64_TO_32_BIT_CONVERSION = YES;
				GCC_WARN_ABOUT_RETURN_TYPE = YES_ERROR;
				GCC_WARN_UNDECLARED_SELECTOR = YES;
				GCC_WARN_UNINITIALIZED_AUTOS = YES_AGGRESSIVE;
				GCC_WARN_UNUSED_FUNCTION = YES;
				GCC_WARN_UNUSED_VARIABLE = YES;
				IPHONEOS_DEPLOYMENT_TARGET = 15.0;
				MTL_ENABLE_DEBUG_INFO = INCLUDE_SOURCE;
				MTL_FAST_MATH = YES;
				ONLY_ACTIVE_ARCH = YES;
				SDKROOT = iphoneos;
				SWIFT_ACTIVE_COMPILATION_CONDITIONS = DEBUG;
				SWIFT_OPTIMIZATION_LEVEL = "-Onone";
			};
			name = Debug;
		};
		71BB596123101FBF00603FCE /* Release */ = {
			isa = XCBuildConfiguration;
			buildSettings = {
				ALWAYS_SEARCH_USER_PATHS = NO;
				CLANG_ANALYZER_NONNULL = YES;
				CLANG_ANALYZER_NUMBER_OBJECT_CONVERSION = YES_AGGRESSIVE;
				CLANG_CXX_LANGUAGE_STANDARD = "gnu++14";
				CLANG_CXX_LIBRARY = "libc++";
				CLANG_ENABLE_MODULES = YES;
				CLANG_ENABLE_OBJC_ARC = YES;
				CLANG_ENABLE_OBJC_WEAK = YES;
				CLANG_WARN_BLOCK_CAPTURE_AUTORELEASING = YES;
				CLANG_WARN_BOOL_CONVERSION = YES;
				CLANG_WARN_COMMA = YES;
				CLANG_WARN_CONSTANT_CONVERSION = YES;
				CLANG_WARN_DEPRECATED_OBJC_IMPLEMENTATIONS = YES;
				CLANG_WARN_DIRECT_OBJC_ISA_USAGE = YES_ERROR;
				CLANG_WARN_DOCUMENTATION_COMMENTS = YES;
				CLANG_WARN_EMPTY_BODY = YES;
				CLANG_WARN_ENUM_CONVERSION = YES;
				CLANG_WARN_INFINITE_RECURSION = YES;
				CLANG_WARN_INT_CONVERSION = YES;
				CLANG_WARN_NON_LITERAL_NULL_CONVERSION = YES;
				CLANG_WARN_OBJC_IMPLICIT_RETAIN_SELF = YES;
				CLANG_WARN_OBJC_LITERAL_CONVERSION = YES;
				CLANG_WARN_OBJC_ROOT_CLASS = YES_ERROR;
				CLANG_WARN_QUOTED_INCLUDE_IN_FRAMEWORK_HEADER = YES;
				CLANG_WARN_RANGE_LOOP_ANALYSIS = YES;
				CLANG_WARN_STRICT_PROTOTYPES = YES;
				CLANG_WARN_SUSPICIOUS_MOVE = YES;
				CLANG_WARN_UNGUARDED_AVAILABILITY = YES_AGGRESSIVE;
				CLANG_WARN_UNREACHABLE_CODE = YES;
				CLANG_WARN__DUPLICATE_METHOD_MATCH = YES;
				CODE_SIGN_IDENTITY = "iPhone Developer";
				COPY_PHASE_STRIP = NO;
				DEBUG_INFORMATION_FORMAT = "dwarf-with-dsym";
				ENABLE_NS_ASSERTIONS = NO;
				ENABLE_STRICT_OBJC_MSGSEND = YES;
				GCC_C_LANGUAGE_STANDARD = gnu11;
				GCC_NO_COMMON_BLOCKS = YES;
				GCC_WARN_64_TO_32_BIT_CONVERSION = YES;
				GCC_WARN_ABOUT_RETURN_TYPE = YES_ERROR;
				GCC_WARN_UNDECLARED_SELECTOR = YES;
				GCC_WARN_UNINITIALIZED_AUTOS = YES_AGGRESSIVE;
				GCC_WARN_UNUSED_FUNCTION = YES;
				GCC_WARN_UNUSED_VARIABLE = YES;
				IPHONEOS_DEPLOYMENT_TARGET = 15.0;
				MTL_ENABLE_DEBUG_INFO = NO;
				MTL_FAST_MATH = YES;
				SDKROOT = iphoneos;
				SWIFT_COMPILATION_MODE = wholemodule;
				SWIFT_OPTIMIZATION_LEVEL = "-O";
				VALIDATE_PRODUCT = YES;
			};
			name = Release;
		};
		71BB596323101FBF00603FCE /* Debug */ = {
			isa = XCBuildConfiguration;
			buildSettings = {
				ASSETCATALOG_COMPILER_APPICON_NAME = AppIcon;
				CODE_SIGN_STYLE = Automatic;
				INFOPLIST_FILE = NudgeTheLabel/Info.plist;
				LD_RUNPATH_SEARCH_PATHS = (
					"$(inherited)",
					"@executable_path/Frameworks",
				);
				PRODUCT_BUNDLE_IDENTIFIER = com.rsc.NudgeTheLabel;
				PRODUCT_NAME = "$(TARGET_NAME)";
				SWIFT_VERSION = 5.0;
				TARGETED_DEVICE_FAMILY = "1,2";
			};
			name = Debug;
		};
		71BB596423101FBF00603FCE /* Release */ = {
			isa = XCBuildConfiguration;
			buildSettings = {
				ASSETCATALOG_COMPILER_APPICON_NAME = AppIcon;
				CODE_SIGN_STYLE = Automatic;
				INFOPLIST_FILE = NudgeTheLabel/Info.plist;
				LD_RUNPATH_SEARCH_PATHS = (
					"$(inherited)",
					"@executable_path/Frameworks",
				);
				PRODUCT_BUNDLE_IDENTIFIER = com.rsc.NudgeTheLabel;
				PRODUCT_NAME = "$(TARGET_NAME)";
				SWIFT_VERSION = 5.0;
				TARGETED_DEVICE_FAMILY = "1,2";
			};
			name = Release;
		};
/* End XCBuildConfiguration section */

/* Begin XCConfigurationList section */
		71BB594B23101FBD00603FCE /* Build configuration list for PBXProject "NudgeTheLabel" */ = {
			isa = XCConfigurationList;
			buildConfigurations = (
				71BB596023101FBF00603FCE /* Debug */,
				71BB596123101FBF00603FCE /* Release */,
			);
			defaultConfigurationIsVisible = 0;
			defaultConfigurationName = Release;
		};
		71BB596223101FBF00603FCE /* Build configuration list for PBXNativeTarget "NudgeTheLabel" */ = {
			isa = XCConfigurationList;
			buildConfigurations = (
				71BB596323101FBF00603FCE /* Debug */,
				71BB596423101FBF00603FCE /* Release */,
			);
			defaultConfigurationIsVisible = 0;
			defaultConfigurationName = Release;
		};
/* End XCConfigurationList section */
	};
	rootObject = 71BB594823101FBD00603FCE /* Project object */;
}
