// !$*UTF8*$!
{
	archiveVersion = 1;
	classes = {
	};
	objectVersion = 50;
	objects = {

/* Begin PBXBuildFile section */
		71AC01A92358C303005C42BC /* AppDelegate.swift in Sources */ = {isa = PBXBuildFile; fileRef = 71AC01A82358C303005C42BC /* AppDelegate.swift */; };
		71AC01B22358C305005C42BC /* Assets.xcassets in Resources */ = {isa = PBXBuildFile; fileRef = 71AC01B12358C305005C42BC /* Assets.xcassets */; };
		71AC01B52358C305005C42BC /* LaunchScreen.storyboard in Resources */ = {isa = PBXBuildFile; fileRef = 71AC01B32358C305005C42BC /* LaunchScreen.storyboard */; };
		71AC01BE2358C3AA005C42BC /* Solution.swift in Sources */ = {isa = PBXBuildFile; fileRef = 71AC01BD2358C3AA005C42BC /* Solution.swift */; };
		71AC01C02358C3B4005C42BC /* Challenge.swift in Sources */ = {isa = PBXBuildFile; fileRef = 71AC01BF2358C3B4005C42BC /* Challenge.swift */; };
		71AC01C22358C3C5005C42BC /* RowView.swift in Sources */ = {isa = PBXBuildFile; fileRef = 71AC01C12358C3C5005C42BC /* RowView.swift */; };
		71AC01C42358C3CF005C42BC /* CrossfadeView.swift in Sources */ = {isa = PBXBuildFile; fileRef = 71AC01C32358C3CF005C42BC /* CrossfadeView.swift */; };
		71AC01C62358C3DC005C42BC /* Factories.swift in Sources */ = {isa = PBXBuildFile; fileRef = 71AC01C52358C3DC005C42BC /* Factories.swift */; };
/* End PBXBuildFile section */

/* Begin PBXFileReference section */
		71AC01A52358C303005C42BC /* StackViewChallenge.app */ = {isa = PBXFileReference; explicitFileType = wrapper.application; includeInIndex = 0; path = StackViewChallenge.app; sourceTree = BUILT_PRODUCTS_DIR; };
		71AC01A82358C303005C42BC /* AppDelegate.swift */ = {isa = PBXFileReference; lastKnownFileType = sourcecode.swift; path = AppDelegate.swift; sourceTree = "<group>"; };
		71AC01B12358C305005C42BC /* Assets.xcassets */ = {isa = PBXFileReference; lastKnownFileType = folder.assetcatalog; path = Assets.xcassets; sourceTree = "<group>"; };
		71AC01B42358C305005C42BC /* Base */ = {isa = PBXFileReference; lastKnownFileType = file.storyboard; name = Base; path = Base.lproj/LaunchScreen.storyboard; sourceTree = "<group>"; };
		71AC01B62358C305005C42BC /* Info.plist */ = {isa = PBXFileReference; lastKnownFileType = text.plist.xml; path = Info.plist; sourceTree = "<group>"; };
		71AC01BD2358C3AA005C42BC /* Solution.swift */ = {isa = PBXFileReference; lastKnownFileType = sourcecode.swift; path = Solution.swift; sourceTree = "<group>"; };
		71AC01BF2358C3B4005C42BC /* Challenge.swift */ = {isa = PBXFileReference; lastKnownFileType = sourcecode.swift; path = Challenge.swift; sourceTree = "<group>"; };
		71AC01C12358C3C5005C42BC /* RowView.swift */ = {isa = PBXFileReference; lastKnownFileType = sourcecode.swift; path = RowView.swift; sourceTree = "<group>"; };
		71AC01C32358C3CF005C42BC /* CrossfadeView.swift */ = {isa = PBXFileReference; lastKnownFileType = sourcecode.swift; path = CrossfadeView.swift; sourceTree = "<group>"; };
		71AC01C52358C3DC005C42BC /* Factories.swift */ = {isa = PBXFileReference; lastKnownFileType = sourcecode.swift; path = Factories.swift; sourceTree = "<group>"; };
/* End PBXFileReference section */

/* Begin PBXFrameworksBuildPhase section */
		71AC01A22358C303005C42BC /* Frameworks */ = {
			isa = PBXFrameworksBuildPhase;
			buildActionMask = 2147483647;
			files = (
			);
			runOnlyForDeploymentPostprocessing = 0;
		};
/* End PBXFrameworksBuildPhase section */

/* Begin PBXGroup section */
		71AC019C2358C303005C42BC = {
			isa = PBXGroup;
			children = (
				71AC01A72358C303005C42BC /* StackViewChallenge */,
				71AC01A62358C303005C42BC /* Products */,
			);
			sourceTree = "<group>";
		};
		71AC01A62358C303005C42BC /* Products */ = {
			isa = PBXGroup;
			children = (
				71AC01A52358C303005C42BC /* StackViewChallenge.app */,
			);
			name = Products;
			sourceTree = "<group>";
		};
		71AC01A72358C303005C42BC /* StackViewChallenge */ = {
			isa = PBXGroup;
			children = (
				71AC01BC2358C397005C42BC /* Files */,
				71AC01A82358C303005C42BC /* AppDelegate.swift */,
				71AC01BD2358C3AA005C42BC /* Solution.swift */,
				71AC01BF2358C3B4005C42BC /* Challenge.swift */,
				71AC01C12358C3C5005C42BC /* RowView.swift */,
				71AC01C32358C3CF005C42BC /* CrossfadeView.swift */,
				71AC01C52358C3DC005C42BC /* Factories.swift */,
			);
			path = StackViewChallenge;
			sourceTree = "<group>";
		};
		71AC01BC2358C397005C42BC /* Files */ = {
			isa = PBXGroup;
			children = (
				71AC01B12358C305005C42BC /* Assets.xcassets */,
				71AC01B32358C305005C42BC /* LaunchScreen.storyboard */,
				71AC01B62358C305005C42BC /* Info.plist */,
			);
			name = Files;
			sourceTree = "<group>";
		};
/* End PBXGroup section */

/* Begin PBXNativeTarget section */
		71AC01A42358C303005C42BC /* StackViewChallenge */ = {
			isa = PBXNativeTarget;
			buildConfigurationList = 71AC01B92358C305005C42BC /* Build configuration list for PBXNativeTarget "StackViewChallenge" */;
			buildPhases = (
				71AC01A12358C303005C42BC /* Sources */,
				71AC01A22358C303005C42BC /* Frameworks */,
				71AC01A32358C303005C42BC /* Resources */,
			);
			buildRules = (
			);
			dependencies = (
			);
			name = StackViewChallenge;
			productName = StackViewChallenge;
			productReference = 71AC01A52358C303005C42BC /* StackViewChallenge.app */;
			productType = "com.apple.product-type.application";
		};
/* End PBXNativeTarget section */

/* Begin PBXProject section */
		71AC019D2358C303005C42BC /* Project object */ = {
			isa = PBXProject;
			attributes = {
				LastSwiftUpdateCheck = 1110;
				LastUpgradeCheck = 1320;
				ORGANIZATIONNAME = "Rasmusson Software Consulting";
				TargetAttributes = {
					71AC01A42358C303005C42BC = {
						CreatedOnToolsVersion = 11.1;
					};
				};
			};
			buildConfigurationList = 71AC01A02358C303005C42BC /* Build configuration list for PBXProject "StackViewChallenge" */;
			compatibilityVersion = "Xcode 9.3";
			developmentRegion = en;
			hasScannedForEncodings = 0;
			knownRegions = (
				en,
				Base,
			);
			mainGroup = 71AC019C2358C303005C42BC;
			productRefGroup = 71AC01A62358C303005C42BC /* Products */;
			projectDirPath = "";
			projectRoot = "";
			targets = (
				71AC01A42358C303005C42BC /* StackViewChallenge */,
			);
		};
/* End PBXProject section */

/* Begin PBXResourcesBuildPhase section */
		71AC01A32358C303005C42BC /* Resources */ = {
			isa = PBXResourcesBuildPhase;
			buildActionMask = 2147483647;
			files = (
				71AC01B52358C305005C42BC /* LaunchScreen.storyboard in Resources */,
				71AC01B22358C305005C42BC /* Assets.xcassets in Resources */,
			);
			runOnlyForDeploymentPostprocessing = 0;
		};
/* End PBXResourcesBuildPhase section */

/* Begin PBXSourcesBuildPhase section */
		71AC01A12358C303005C42BC /* Sources */ = {
			isa = PBXSourcesBuildPhase;
			buildActionMask = 2147483647;
			files = (
				71AC01C62358C3DC005C42BC /* Factories.swift in Sources */,
				71AC01BE2358C3AA005C42BC /* Solution.swift in Sources */,
				71AC01C02358C3B4005C42BC /* Challenge.swift in Sources */,
				71AC01A92358C303005C42BC /* AppDelegate.swift in Sources */,
				71AC01C22358C3C5005C42BC /* RowView.swift in Sources */,
				71AC01C42358C3CF005C42BC /* CrossfadeView.swift in Sources */,
			);
			runOnlyForDeploymentPostprocessing = 0;
		};
/* End PBXSourcesBuildPhase section */

/* Begin PBXVariantGroup section */
		71AC01B32358C305005C42BC /* LaunchScreen.storyboard */ = {
			isa = PBXVariantGroup;
			children = (
				71AC01B42358C305005C42BC /* Base */,
			);
			name = LaunchScreen.storyboard;
			sourceTree = "<group>";
		};
/* End PBXVariantGroup section */

/* Begin XCBuildConfiguration section */
		71AC01B72358C305005C42BC /* Debug */ = {
			isa = XCBuildConfiguration;
			buildSettings = {
				ALWAYS_SEARCH_USER_PATHS = NO;
				CLANG_ANALYZER_NONNULL = YES;
				CLANG_ANALYZER_NUMBER_OBJECT_CONVERSION = YES_AGGRESSIVE;
				CLANG_CXX_LANGUAGE_STANDARD = "gnu++14";
				CLANG_CXX_LIBRARY = "libc++";
				CLANG_ENABLE_MODULES = YES;
				CLANG_ENABLE_OBJC_ARC = YES;
				CLANG_ENABLE_OBJC_WEAK = YES;
				CLANG_WARN_BLOCK_CAPTURE_AUTORELEASING = YES;
				CLANG_WARN_BOOL_CONVERSION = YES;
				CLANG_WARN_COMMA = YES;
				CLANG_WARN_CONSTANT_CONVERSION = YES;
				CLANG_WARN_DEPRECATED_OBJC_IMPLEMENTATIONS = YES;
				CLANG_WARN_DIRECT_OBJC_ISA_USAGE = YES_ERROR;
				CLANG_WARN_DOCUMENTATION_COMMENTS = YES;
				CLANG_WARN_EMPTY_BODY = YES;
				CLANG_WARN_ENUM_CONVERSION = YES;
				CLANG_WARN_INFINITE_RECURSION = YES;
				CLANG_WARN_INT_CONVERSION = YES;
				CLANG_WARN_NON_LITERAL_NULL_CONVERSION = YES;
				CLANG_WARN_OBJC_IMPLICIT_RETAIN_SELF = YES;
				CLANG_WARN_OBJC_LITERAL_CONVERSION = YES;
				CLANG_WARN_OBJC_ROOT_CLASS = YES_ERROR;
				CLANG_WARN_QUOTED_INCLUDE_IN_FRAMEWORK_HEADER = YES;
				CLANG_WARN_RANGE_LOOP_ANALYSIS = YES;
				CLANG_WARN_STRICT_PROTOTYPES = YES;
				CLANG_WARN_SUSPICIOUS_MOVE = YES;
				CLANG_WARN_UNGUARDED_AVAILABILITY = YES_AGGRESSIVE;
				CLANG_WARN_UNREACHABLE_CODE = YES;
				CLANG_WARN__DUPLICATE_METHOD_MATCH = YES;
				COPY_PHASE_STRIP = NO;
				DEBUG_INFORMATION_FORMAT = dwarf;
				ENABLE_STRICT_OBJC_MSGSEND = YES;
				ENABLE_TESTABILITY = YES;
				GCC_C_LANGUAGE_STANDARD = gnu11;
				GCC_DYNAMIC_NO_PIC = NO;
				GCC_NO_COMMON_BLOCKS = YES;
				GCC_OPTIMIZATION_LEVEL = 0;
				GCC_PREPROCESSOR_DEFINITIONS = (
					"DEBUG=1",
					"$(inherited)",
				);
				GCC_WARN_64_TO_32_BIT_CONVERSION = YES;
				GCC_WARN_ABOUT_RETURN_TYPE = YES_ERROR;
				GCC_WARN_UNDECLARED_SELECTOR = YES;
				GCC_WARN_UNINITIALIZED_AUTOS = YES_AGGRESSIVE;
				GCC_WARN_UNUSED_FUNCTION = YES;
				GCC_WARN_UNUSED_VARIABLE = YES;
				IPHONEOS_DEPLOYMENT_TARGET = 15.0;
				MTL_ENABLE_DEBUG_INFO = INCLUDE_SOURCE;
				MTL_FAST_MATH = YES;
				ONLY_ACTIVE_ARCH = YES;
				SDKROOT = iphoneos;
				SWIFT_ACTIVE_COMPILATION_CONDITIONS = DEBUG;
				SWIFT_OPTIMIZATION_LEVEL = "-Onone";
			};
			name = Debug;
		};
		71AC01B82358C305005C42BC /* Release */ = {
			isa = XCBuildConfiguration;
			buildSettings = {
				ALWAYS_SEARCH_USER_PATHS = NO;
				CLANG_ANALYZER_NONNULL = YES;
				CLANG_ANALYZER_NUMBER_OBJECT_CONVERSION = YES_AGGRESSIVE;
				CLANG_CXX_LANGUAGE_STANDARD = "gnu++14";
				CLANG_CXX_LIBRARY = "libc++";
				CLANG_ENABLE_MODULES = YES;
				CLANG_ENABLE_OBJC_ARC = YES;
				CLANG_ENABLE_OBJC_WEAK = YES;
				CLANG_WARN_BLOCK_CAPTURE_AUTORELEASING = YES;
				CLANG_WARN_BOOL_CONVERSION = YES;
				CLANG_WARN_COMMA = YES;
				CLANG_WARN_CONSTANT_CONVERSION = YES;
				CLANG_WARN_DEPRECATED_OBJC_IMPLEMENTATIONS = YES;
				CLANG_WARN_DIRECT_OBJC_ISA_USAGE = YES_ERROR;
				CLANG_WARN_DOCUMENTATION_COMMENTS = YES;
				CLANG_WARN_EMPTY_BODY = YES;
				CLANG_WARN_ENUM_CONVERSION = YES;
				CLANG_WARN_INFINITE_RECURSION = YES;
				CLANG_WARN_INT_CONVERSION = YES;
				CLANG_WARN_NON_LITERAL_NULL_CONVERSION = YES;
				CLANG_WARN_OBJC_IMPLICIT_RETAIN_SELF = YES;
				CLANG_WARN_OBJC_LITERAL_CONVERSION = YES;
				CLANG_WARN_OBJC_ROOT_CLASS = YES_ERROR;
				CLANG_WARN_QUOTED_INCLUDE_IN_FRAMEWORK_HEADER = YES;
				CLANG_WARN_RANGE_LOOP_ANALYSIS = YES;
				CLANG_WARN_STRICT_PROTOTYPES = YES;
				CLANG_WARN_SUSPICIOUS_MOVE = YES;
				CLANG_WARN_UNGUARDED_AVAILABILITY = YES_AGGRESSIVE;
				CLANG_WARN_UNREACHABLE_CODE = YES;
				CLANG_WARN__DUPLICATE_METHOD_MATCH = YES;
				COPY_PHASE_STRIP = NO;
				DEBUG_INFORMATION_FORMAT = "dwarf-with-dsym";
				ENABLE_NS_ASSERTIONS = NO;
				ENABLE_STRICT_OBJC_MSGSEND = YES;
				GCC_C_LANGUAGE_STANDARD = gnu11;
				GCC_NO_COMMON_BLOCKS = YES;
				GCC_WARN_64_TO_32_BIT_CONVERSION = YES;
				GCC_WARN_ABOUT_RETURN_TYPE = YES_ERROR;
				GCC_WARN_UNDECLARED_SELECTOR = YES;
				GCC_WARN_UNINITIALIZED_AUTOS = YES_AGGRESSIVE;
				GCC_WARN_UNUSED_FUNCTION = YES;
				GCC_WARN_UNUSED_VARIABLE = YES;
				IPHONEOS_DEPLOYMENT_TARGET = 15.0;
				MTL_ENABLE_DEBUG_INFO = NO;
				MTL_FAST_MATH = YES;
				SDKROOT = iphoneos;
				SWIFT_COMPILATION_MODE = wholemodule;
				SWIFT_OPTIMIZATION_LEVEL = "-O";
				VALIDATE_PRODUCT = YES;
			};
			name = Release;
		};
		71AC01BA2358C305005C42BC /* Debug */ = {
			isa = XCBuildConfiguration;
			buildSettings = {
				ASSETCATALOG_COMPILER_APPICON_NAME = AppIcon;
				CODE_SIGN_STYLE = Automatic;
				INFOPLIST_FILE = StackViewChallenge/Info.plist;
				LD_RUNPATH_SEARCH_PATHS = (
					"$(inherited)",
					"@executable_path/Frameworks",
				);
				PRODUCT_BUNDLE_IDENTIFIER = com.rsc.StackViewChallenge;
				PRODUCT_NAME = "$(TARGET_NAME)";
				SWIFT_VERSION = 5.0;
				TARGETED_DEVICE_FAMILY = "1,2";
			};
			name = Debug;
		};
		71AC01BB2358C305005C42BC /* Release */ = {
			isa = XCBuildConfiguration;
			buildSettings = {
				ASSETCATALOG_COMPILER_APPICON_NAME = AppIcon;
				CODE_SIGN_STYLE = Automatic;
				INFOPLIST_FILE = StackViewChallenge/Info.plist;
				LD_RUNPATH_SEARCH_PATHS = (
					"$(inherited)",
					"@executable_path/Frameworks",
				);
				PRODUCT_BUNDLE_IDENTIFIER = com.rsc.StackViewChallenge;
				PRODUCT_NAME = "$(TARGET_NAME)";
				SWIFT_VERSION = 5.0;
				TARGETED_DEVICE_FAMILY = "1,2";
			};
			name = Release;
		};
/* End XCBuildConfiguration section */

/* Begin XCConfigurationList section */
		71AC01A02358C303005C42BC /* Build configuration list for PBXProject "StackViewChallenge" */ = {
			isa = XCConfigurationList;
			buildConfigurations = (
				71AC01B72358C305005C42BC /* Debug */,
				71AC01B82358C305005C42BC /* Release */,
			);
			defaultConfigurationIsVisible = 0;
			defaultConfigurationName = Release;
		};
		71AC01B92358C305005C42BC /* Build configuration list for PBXNativeTarget "StackViewChallenge" */ = {
			isa = XCConfigurationList;
			buildConfigurations = (
				71AC01BA2358C305005C42BC /* Debug */,
				71AC01BB2358C305005C42BC /* Release */,
			);
			defaultConfigurationIsVisible = 0;
			defaultConfigurationName = Release;
		};
/* End XCConfigurationList section */
	};
	rootObject = 71AC019D2358C303005C42BC /* Project object */;
}
